PODS:
  - FMDB (2.7.5):
    - FMDB/standard (= 2.7.5)
  - FMDB/standard (2.7.5)
  - JQFMDB (1.1.6):
    - FMDB
  - Masonry (1.1.0)
  - WYAKit (0.1.0):
    - FMDB (~> 2.7.2)
    - JQFMDB (~> 1.1.6)
    - Masonry (~> 1.1.0)
    - YYText
  - YYText (1.0.7)

DEPENDENCIES:
  - WYAKit (from `../`)

SPEC REPOS:
  https://github.com/cocoapods/specs.git:
    - FMDB
    - JQFMDB
    - Masonry
    - YYText

EXTERNAL SOURCES:
  WYAKit:
    :path: "../"

SPEC CHECKSUMS:
  FMDB: 2ce00b547f966261cd18927a3ddb07cb6f3db82a
  JQFMDB: 39ab0d6d7c26fd30e51c4dd92edcb27506a34c3a
  Masonry: 678fab65091a9290e40e2832a55e7ab731aad201
  WYAKit: ff97c313a36b20b95d61177889a4635c667b2820
  YYText: 5c461d709e24d55a182d1441c41dc639a18a4849

PODFILE CHECKSUM: 8c25fa42a777e2012308552d5d6baa491171b5db

COCOAPODS: 1.6.0.beta.2
