// !$*UTF8*$!
{
	archiveVersion = 1;
	classes = {
	};
	objectVersion = 46;
	objects = {

/* Begin PBXBuildFile section */
		210C72EF21C7B05300196F07 /* WYAHomeModel.m in Sources */ = {isa = PBXBuildFile; fileRef = 210C72EE21C7B05300196F07 /* WYAHomeModel.m */; };
		210C72F221C7C5F100196F07 /* WYAHomeHeaderView.m in Sources */ = {isa = PBXBuildFile; fileRef = 210C72F121C7C5F100196F07 /* WYAHomeHeaderView.m */; };
		210C72F521C7CCBA00196F07 /* WYAHomeTableCell.m in Sources */ = {isa = PBXBuildFile; fileRef = 210C72F421C7CCBA00196F07 /* WYAHomeTableCell.m */; };
		210C72F921C7D80A00196F07 /* WYADrawserCenterViewController.m in Sources */ = {isa = PBXBuildFile; fileRef = 210C72F821C7D80A00196F07 /* WYADrawserCenterViewController.m */; };
		210C72FC21C7D81E00196F07 /* WYADrawserLeftViewController.m in Sources */ = {isa = PBXBuildFile; fileRef = 210C72FB21C7D81E00196F07 /* WYADrawserLeftViewController.m */; };
		210C72FF21C7DF6500196F07 /* WYAPopCell.m in Sources */ = {isa = PBXBuildFile; fileRef = 210C72FE21C7DF6500196F07 /* WYAPopCell.m */; };
		210E9F5021A6876900BFE994 /* WYAPickerViewController.m in Sources */ = {isa = PBXBuildFile; fileRef = 210E9F4E21A6876900BFE994 /* WYAPickerViewController.m */; };
		210E9F6521A93D2300BFE994 /* WYACameraVC.m in Sources */ = {isa = PBXBuildFile; fileRef = 210E9F6421A93D2300BFE994 /* WYACameraVC.m */; };
		210E9F6821ABEB5300BFE994 /* WYAHomeViewController.m in Sources */ = {isa = PBXBuildFile; fileRef = 210E9F6721ABEB5300BFE994 /* WYAHomeViewController.m */; };
		210E9F7D21AD406600BFE994 /* WYACellTableViewController.m in Sources */ = {isa = PBXBuildFile; fileRef = 210E9F7C21AD406600BFE994 /* WYACellTableViewController.m */; };
		210E9F8A21AD790A00BFE994 /* WYAImageBrowserViewController.m in Sources */ = {isa = PBXBuildFile; fileRef = 210E9F8921AD790A00BFE994 /* WYAImageBrowserViewController.m */; };
		2138D0C921C9E2B100B6C3AF /* WYACardViewController.m in Sources */ = {isa = PBXBuildFile; fileRef = 2138D0C821C9E2B100B6C3AF /* WYACardViewController.m */; };
		2138D0CE21CA139C00B6C3AF /* WYASearchBarViewController.m in Sources */ = {isa = PBXBuildFile; fileRef = 2138D0CD21CA139C00B6C3AF /* WYASearchBarViewController.m */; };
		21470BFD219ABE9F0099CB6F /* WYATextViewController.m in Sources */ = {isa = PBXBuildFile; fileRef = 21470BFC219ABE9F0099CB6F /* WYATextViewController.m */; };
		21470C00219ABF090099CB6F /* WYAProgressViewController.m in Sources */ = {isa = PBXBuildFile; fileRef = 21470BFF219ABF090099CB6F /* WYAProgressViewController.m */; };
		21470C03219ABF180099CB6F /* WYAToastViewController.m in Sources */ = {isa = PBXBuildFile; fileRef = 21470C02219ABF180099CB6F /* WYAToastViewController.m */; };
		21470C06219ABF270099CB6F /* WYAShareViewController.m in Sources */ = {isa = PBXBuildFile; fileRef = 21470C05219ABF270099CB6F /* WYAShareViewController.m */; };
		21470C0F219ABF570099CB6F /* WYAIMGCodeViewController.m in Sources */ = {isa = PBXBuildFile; fileRef = 21470C0E219ABF570099CB6F /* WYAIMGCodeViewController.m */; };
		21470C12219ABF640099CB6F /* WYABannerViewController.m in Sources */ = {isa = PBXBuildFile; fileRef = 21470C11219ABF640099CB6F /* WYABannerViewController.m */; };
		21470C1B219ABF960099CB6F /* WYADownloaderViewController.m in Sources */ = {isa = PBXBuildFile; fileRef = 21470C1A219ABF960099CB6F /* WYADownloaderViewController.m */; };
		21470C21219ABFB10099CB6F /* WYAVideoPlayerViewController.m in Sources */ = {isa = PBXBuildFile; fileRef = 21470C20219ABFB10099CB6F /* WYAVideoPlayerViewController.m */; };
		21470C27219AC9D80099CB6F /* WYAIMGCodeViewController.xib in Resources */ = {isa = PBXBuildFile; fileRef = 21470C26219AC9D80099CB6F /* WYAIMGCodeViewController.xib */; };
		21470C8C219BB2370099CB6F /* WYAUIAlertViewController.m in Sources */ = {isa = PBXBuildFile; fileRef = 21470C8A219BB2370099CB6F /* WYAUIAlertViewController.m */; };
		21470CA9219E93D30099CB6F /* WYAPopViewController.m in Sources */ = {isa = PBXBuildFile; fileRef = 21470CA8219E93D30099CB6F /* WYAPopViewController.m */; };
		21470CAC219E94630099CB6F /* WYATestViewController.m in Sources */ = {isa = PBXBuildFile; fileRef = 21470CAB219E94630099CB6F /* WYATestViewController.m */; };
		2186911C21CBD38100DA6849 /* Cycling_Lambie.svg in Resources */ = {isa = PBXBuildFile; fileRef = 2186911B21CBD38100DA6849 /* Cycling_Lambie.svg */; };
		21A6C43521BE39F5006DA6D1 /* WYADownloadCell.m in Sources */ = {isa = PBXBuildFile; fileRef = 21A6C43421BE39F5006DA6D1 /* WYADownloadCell.m */; };
		21A6C48121C0AA6C006DA6D1 /* WYADownloadCompleteCell.m in Sources */ = {isa = PBXBuildFile; fileRef = 21A6C48021C0AA6C006DA6D1 /* WYADownloadCompleteCell.m */; };
		21A8731921A3956B007F2921 /* WYAPaginationViewController.m in Sources */ = {isa = PBXBuildFile; fileRef = 21A8731821A3956B007F2921 /* WYAPaginationViewController.m */; };
		21A8732221A3A67C007F2921 /* WYAChooseMenuViewController.m in Sources */ = {isa = PBXBuildFile; fileRef = 21A8732121A3A67C007F2921 /* WYAChooseMenuViewController.m */; };
		21A8735221A3E1F0007F2921 /* WYASliderViewController.m in Sources */ = {isa = PBXBuildFile; fileRef = 21A8735121A3E1F0007F2921 /* WYASliderViewController.m */; };
		21A8735F21A4F502007F2921 /* WYANoticeViewController.m in Sources */ = {isa = PBXBuildFile; fileRef = 21A8735E21A4F502007F2921 /* WYANoticeViewController.m */; };
		21A8737121A542FE007F2921 /* WYAToastViewController.xib in Resources */ = {isa = PBXBuildFile; fileRef = 21A8737021A542FE007F2921 /* WYAToastViewController.xib */; };
		21C0EA4821CBA2AE00559A37 /* spin.svg in Resources */ = {isa = PBXBuildFile; fileRef = 21C0EA4721CBA2AE00559A37 /* spin.svg */; };
		21DA3BC821AE6FE10084FCEC /* WYABannerHeaderView.m in Sources */ = {isa = PBXBuildFile; fileRef = 21DA3BC721AE6FE10084FCEC /* WYABannerHeaderView.m */; };
		21E5A60C21B1072B007E8C5F /* WYACameraCell.m in Sources */ = {isa = PBXBuildFile; fileRef = 21E5A60A21B1072B007E8C5F /* WYACameraCell.m */; };
		21E5A60D21B1072B007E8C5F /* WYACameraCell.xib in Resources */ = {isa = PBXBuildFile; fileRef = 21E5A60B21B1072B007E8C5F /* WYACameraCell.xib */; };
		6003F58E195388D20070C39A /* Foundation.framework in Frameworks */ = {isa = PBXBuildFile; fileRef = 6003F58D195388D20070C39A /* Foundation.framework */; };
		6003F590195388D20070C39A /* CoreGraphics.framework in Frameworks */ = {isa = PBXBuildFile; fileRef = 6003F58F195388D20070C39A /* CoreGraphics.framework */; };
		6003F592195388D20070C39A /* UIKit.framework in Frameworks */ = {isa = PBXBuildFile; fileRef = 6003F591195388D20070C39A /* UIKit.framework */; };
		6003F598195388D20070C39A /* InfoPlist.strings in Resources */ = {isa = PBXBuildFile; fileRef = 6003F596195388D20070C39A /* InfoPlist.strings */; };
		6003F59A195388D20070C39A /* main.m in Sources */ = {isa = PBXBuildFile; fileRef = 6003F599195388D20070C39A /* main.m */; };
		6003F59E195388D20070C39A /* WYAAppDelegate.m in Sources */ = {isa = PBXBuildFile; fileRef = 6003F59D195388D20070C39A /* WYAAppDelegate.m */; };
		6003F5B0195388D20070C39A /* XCTest.framework in Frameworks */ = {isa = PBXBuildFile; fileRef = 6003F5AF195388D20070C39A /* XCTest.framework */; };
		6003F5B1195388D20070C39A /* Foundation.framework in Frameworks */ = {isa = PBXBuildFile; fileRef = 6003F58D195388D20070C39A /* Foundation.framework */; };
		6003F5B2195388D20070C39A /* UIKit.framework in Frameworks */ = {isa = PBXBuildFile; fileRef = 6003F591195388D20070C39A /* UIKit.framework */; };
		6003F5BA195388D20070C39A /* InfoPlist.strings in Resources */ = {isa = PBXBuildFile; fileRef = 6003F5B8195388D20070C39A /* InfoPlist.strings */; };
		6003F5BC195388D20070C39A /* Tests.m in Sources */ = {isa = PBXBuildFile; fileRef = 6003F5BB195388D20070C39A /* Tests.m */; };
		71719F9F1E33DC2100824A3D /* LaunchScreen.storyboard in Resources */ = {isa = PBXBuildFile; fileRef = 71719F9D1E33DC2100824A3D /* LaunchScreen.storyboard */; };
		7E91C43C6FD8CC0E458A5255 /* Pods_WYAKit_Tests.framework in Frameworks */ = {isa = PBXBuildFile; fileRef = F60F6FE250AF5CA1776BC059 /* Pods_WYAKit_Tests.framework */; };
		917A49808D1DD8B518EB389F /* Pods_WYAKit_Example.framework in Frameworks */ = {isa = PBXBuildFile; fileRef = 0B138027D323AEC294D6B793 /* Pods_WYAKit_Example.framework */; };
		950B40E421CA3AAE002BC685 /* WYAGridViewController.m in Sources */ = {isa = PBXBuildFile; fileRef = 950B40E321CA3AAE002BC685 /* WYAGridViewController.m */; };
		950B40ED21CA521C002BC685 /* RootViewController.m in Sources */ = {isa = PBXBuildFile; fileRef = 950B40EC21CA521C002BC685 /* RootViewController.m */; };
		950B40F321CA5258002BC685 /* RootControllerModel.m in Sources */ = {isa = PBXBuildFile; fileRef = 950B40F221CA5258002BC685 /* RootControllerModel.m */; };
		950B40F621CA7B52002BC685 /* WYAReadMeViewController.m in Sources */ = {isa = PBXBuildFile; fileRef = 950B40F521CA7B52002BC685 /* WYAReadMeViewController.m */; };
		951FC0B021A558CA00E1E4FE /* WYAPageViewController.m in Sources */ = {isa = PBXBuildFile; fileRef = 951FC0AF21A558CA00E1E4FE /* WYAPageViewController.m */; };
		951FC0B321A559A900E1E4FE /* WYACustomPageController.m in Sources */ = {isa = PBXBuildFile; fileRef = 951FC0B221A559A900E1E4FE /* WYACustomPageController.m */; };
		951FC0C921A63CC400E1E4FE /* WYAThreeTableViewController.m in Sources */ = {isa = PBXBuildFile; fileRef = 951FC0C821A63CC400E1E4FE /* WYAThreeTableViewController.m */; };
		9527A91A21AD291700B10579 /* WYABaseViewController.m in Sources */ = {isa = PBXBuildFile; fileRef = 9527A91921AD291700B10579 /* WYABaseViewController.m */; };
		9527A91E21AD711B00B10579 /* WYAShowNavController.m in Sources */ = {isa = PBXBuildFile; fileRef = 9527A91D21AD711B00B10579 /* WYAShowNavController.m */; };
		9533A60821CA1EB2004D9F0D /* WYASegmentedController.m in Sources */ = {isa = PBXBuildFile; fileRef = 9533A60721CA1EB2004D9F0D /* WYASegmentedController.m */; };
		954CB76721A94DC30016C0F5 /* WYAOneTableViewController.m in Sources */ = {isa = PBXBuildFile; fileRef = 954CB76421A94DC20016C0F5 /* WYAOneTableViewController.m */; };
		954CB76821A94DC30016C0F5 /* WYATwoTableViewController.m in Sources */ = {isa = PBXBuildFile; fileRef = 954CB76621A94DC30016C0F5 /* WYATwoTableViewController.m */; };
		954CB76B21A94DD50016C0F5 /* WYATablePageController.m in Sources */ = {isa = PBXBuildFile; fileRef = 954CB76A21A94DD50016C0F5 /* WYATablePageController.m */; };
		9559283421AE82D400C46D6D /* WYAGridItemCell.m in Sources */ = {isa = PBXBuildFile; fileRef = 9559283321AE82D400C46D6D /* WYAGridItemCell.m */; };
		9563FEA321B7609E00DA82D7 /* WYARealmCell.m in Sources */ = {isa = PBXBuildFile; fileRef = 9563FEA221B7609E00DA82D7 /* WYARealmCell.m */; };
		9563FEA621B760B100DA82D7 /* WYARealmHeaderView.m in Sources */ = {isa = PBXBuildFile; fileRef = 9563FEA521B760B100DA82D7 /* WYARealmHeaderView.m */; };
		9563FEAC21B7AEEE00DA82D7 /* WYARealmSectionView.m in Sources */ = {isa = PBXBuildFile; fileRef = 9563FEAB21B7AEEE00DA82D7 /* WYARealmSectionView.m */; };
		956BCC8621B5329C0044095E /* WYAReamlViewController.m in Sources */ = {isa = PBXBuildFile; fileRef = 956BCC8521B5329C0044095E /* WYAReamlViewController.m */; };
		956BCC9021B567E60044095E /* Student.m in Sources */ = {isa = PBXBuildFile; fileRef = 956BCC8F21B567E60044095E /* Student.m */; };
		956D1E7A219D7929006A40AB /* TODO .md in Resources */ = {isa = PBXBuildFile; fileRef = 956D1E79219D7929006A40AB /* TODO .md */; };
		9578497021AFDD9A001E19DC /* WYAInputItemCellController.m in Sources */ = {isa = PBXBuildFile; fileRef = 9578496F21AFDD9A001E19DC /* WYAInputItemCellController.m */; };
		9578497821B0091A001E19DC /* WYAInputItemTwoCell.m in Sources */ = {isa = PBXBuildFile; fileRef = 9578497721B0091A001E19DC /* WYAInputItemTwoCell.m */; };
		9578497B21B0C673001E19DC /* WYAInputItemModel.m in Sources */ = {isa = PBXBuildFile; fileRef = 9578497A21B0C673001E19DC /* WYAInputItemModel.m */; };
		9578497E21B0C8B8001E19DC /* WYAInputOneCell.m in Sources */ = {isa = PBXBuildFile; fileRef = 9578497D21B0C8B8001E19DC /* WYAInputOneCell.m */; };
		9578498521B11074001E19DC /* WYAListModel.m in Sources */ = {isa = PBXBuildFile; fileRef = 9578498421B11074001E19DC /* WYAListModel.m */; };
		9578498B21B11942001E19DC /* WYAListOneCell.m in Sources */ = {isa = PBXBuildFile; fileRef = 9578498A21B11942001E19DC /* WYAListOneCell.m */; };
		9578498E21B1194E001E19DC /* WYAListTwoCell.m in Sources */ = {isa = PBXBuildFile; fileRef = 9578498D21B1194E001E19DC /* WYAListTwoCell.m */; };
		9578499121B1195A001E19DC /* WYAListThreeCell.m in Sources */ = {isa = PBXBuildFile; fileRef = 9578499021B1195A001E19DC /* WYAListThreeCell.m */; };
		9578499421B11967001E19DC /* WYAListFourCell.m in Sources */ = {isa = PBXBuildFile; fileRef = 9578499321B11967001E19DC /* WYAListFourCell.m */; };
		957F649221C88D930009C044 /* WYANavBarViewController.m in Sources */ = {isa = PBXBuildFile; fileRef = 957F649121C88D930009C044 /* WYANavBarViewController.m */; };
		957F649621C8EEDF0009C044 /* WYAListViewController.m in Sources */ = {isa = PBXBuildFile; fileRef = 957F649521C8EEDF0009C044 /* WYAListViewController.m */; };
		95F0944821CA7F7F00FFC0CF /* WYAButtonViewController.m in Sources */ = {isa = PBXBuildFile; fileRef = 95F0944721CA7F7E00FFC0CF /* WYAButtonViewController.m */; };
		95F0944B21CB6DCF00FFC0CF /* WYAPopVerReadMeViewController.m in Sources */ = {isa = PBXBuildFile; fileRef = 95F0944A21CB6DCF00FFC0CF /* WYAPopVerReadMeViewController.m */; };
		95F0944E21CB79DB00FFC0CF /* WYAMineViewController.m in Sources */ = {isa = PBXBuildFile; fileRef = 95F0944D21CB79DB00FFC0CF /* WYAMineViewController.m */; };
		95F0946321CBD0CA00FFC0CF /* Images.xcassets in Resources */ = {isa = PBXBuildFile; fileRef = 95F0946221CBD0CA00FFC0CF /* Images.xcassets */; };
		95F0EE4221AF7721006F8AD4 /* WYAStepperController.m in Sources */ = {isa = PBXBuildFile; fileRef = 95F0EE4121AF7721006F8AD4 /* WYAStepperController.m */; };
/* End PBXBuildFile section */

/* Begin PBXContainerItemProxy section */
		6003F5B3195388D20070C39A /* PBXContainerItemProxy */ = {
			isa = PBXContainerItemProxy;
			containerPortal = 6003F582195388D10070C39A /* Project object */;
			proxyType = 1;
			remoteGlobalIDString = 6003F589195388D20070C39A;
			remoteInfo = WYAKit;
		};
/* End PBXContainerItemProxy section */

/* Begin PBXFileReference section */
		04D1ACF52C5DE7EAAB1AC8A3 /* WYAKit.podspec */ = {isa = PBXFileReference; includeInIndex = 1; lastKnownFileType = text; name = WYAKit.podspec; path = ../WYAKit.podspec; sourceTree = "<group>"; xcLanguageSpecificationIdentifier = xcode.lang.ruby; };
		0B138027D323AEC294D6B793 /* Pods_WYAKit_Example.framework */ = {isa = PBXFileReference; explicitFileType = wrapper.framework; includeInIndex = 0; path = Pods_WYAKit_Example.framework; sourceTree = BUILT_PRODUCTS_DIR; };
		210C72ED21C7B05300196F07 /* WYAHomeModel.h */ = {isa = PBXFileReference; lastKnownFileType = sourcecode.c.h; path = WYAHomeModel.h; sourceTree = "<group>"; };
		210C72EE21C7B05300196F07 /* WYAHomeModel.m */ = {isa = PBXFileReference; lastKnownFileType = sourcecode.c.objc; path = WYAHomeModel.m; sourceTree = "<group>"; };
		210C72F021C7C5F100196F07 /* WYAHomeHeaderView.h */ = {isa = PBXFileReference; lastKnownFileType = sourcecode.c.h; path = WYAHomeHeaderView.h; sourceTree = "<group>"; };
		210C72F121C7C5F100196F07 /* WYAHomeHeaderView.m */ = {isa = PBXFileReference; lastKnownFileType = sourcecode.c.objc; path = WYAHomeHeaderView.m; sourceTree = "<group>"; };
		210C72F321C7CCBA00196F07 /* WYAHomeTableCell.h */ = {isa = PBXFileReference; lastKnownFileType = sourcecode.c.h; path = WYAHomeTableCell.h; sourceTree = "<group>"; };
		210C72F421C7CCBA00196F07 /* WYAHomeTableCell.m */ = {isa = PBXFileReference; lastKnownFileType = sourcecode.c.objc; path = WYAHomeTableCell.m; sourceTree = "<group>"; };
		210C72F721C7D80A00196F07 /* WYADrawserCenterViewController.h */ = {isa = PBXFileReference; lastKnownFileType = sourcecode.c.h; path = WYADrawserCenterViewController.h; sourceTree = "<group>"; };
		210C72F821C7D80A00196F07 /* WYADrawserCenterViewController.m */ = {isa = PBXFileReference; lastKnownFileType = sourcecode.c.objc; path = WYADrawserCenterViewController.m; sourceTree = "<group>"; };
		210C72FA21C7D81E00196F07 /* WYADrawserLeftViewController.h */ = {isa = PBXFileReference; lastKnownFileType = sourcecode.c.h; path = WYADrawserLeftViewController.h; sourceTree = "<group>"; };
		210C72FB21C7D81E00196F07 /* WYADrawserLeftViewController.m */ = {isa = PBXFileReference; lastKnownFileType = sourcecode.c.objc; path = WYADrawserLeftViewController.m; sourceTree = "<group>"; };
		210C72FD21C7DF6500196F07 /* WYAPopCell.h */ = {isa = PBXFileReference; lastKnownFileType = sourcecode.c.h; path = WYAPopCell.h; sourceTree = "<group>"; };
		210C72FE21C7DF6500196F07 /* WYAPopCell.m */ = {isa = PBXFileReference; lastKnownFileType = sourcecode.c.objc; path = WYAPopCell.m; sourceTree = "<group>"; };
		210E9F4D21A6876900BFE994 /* WYAPickerViewController.h */ = {isa = PBXFileReference; lastKnownFileType = sourcecode.c.h; path = WYAPickerViewController.h; sourceTree = "<group>"; };
		210E9F4E21A6876900BFE994 /* WYAPickerViewController.m */ = {isa = PBXFileReference; lastKnownFileType = sourcecode.c.objc; path = WYAPickerViewController.m; sourceTree = "<group>"; };
		210E9F6321A93D2300BFE994 /* WYACameraVC.h */ = {isa = PBXFileReference; lastKnownFileType = sourcecode.c.h; path = WYACameraVC.h; sourceTree = "<group>"; };
		210E9F6421A93D2300BFE994 /* WYACameraVC.m */ = {isa = PBXFileReference; lastKnownFileType = sourcecode.c.objc; path = WYACameraVC.m; sourceTree = "<group>"; };
		210E9F6621ABEB5300BFE994 /* WYAHomeViewController.h */ = {isa = PBXFileReference; lastKnownFileType = sourcecode.c.h; path = WYAHomeViewController.h; sourceTree = "<group>"; };
		210E9F6721ABEB5300BFE994 /* WYAHomeViewController.m */ = {isa = PBXFileReference; lastKnownFileType = sourcecode.c.objc; path = WYAHomeViewController.m; sourceTree = "<group>"; };
		210E9F7B21AD406600BFE994 /* WYACellTableViewController.h */ = {isa = PBXFileReference; lastKnownFileType = sourcecode.c.h; path = WYACellTableViewController.h; sourceTree = "<group>"; };
		210E9F7C21AD406600BFE994 /* WYACellTableViewController.m */ = {isa = PBXFileReference; lastKnownFileType = sourcecode.c.objc; path = WYACellTableViewController.m; sourceTree = "<group>"; };
		210E9F8821AD790A00BFE994 /* WYAImageBrowserViewController.h */ = {isa = PBXFileReference; lastKnownFileType = sourcecode.c.h; path = WYAImageBrowserViewController.h; sourceTree = "<group>"; };
		210E9F8921AD790A00BFE994 /* WYAImageBrowserViewController.m */ = {isa = PBXFileReference; lastKnownFileType = sourcecode.c.objc; path = WYAImageBrowserViewController.m; sourceTree = "<group>"; };
		2138D0C721C9E2B100B6C3AF /* WYACardViewController.h */ = {isa = PBXFileReference; lastKnownFileType = sourcecode.c.h; path = WYACardViewController.h; sourceTree = "<group>"; };
		2138D0C821C9E2B100B6C3AF /* WYACardViewController.m */ = {isa = PBXFileReference; lastKnownFileType = sourcecode.c.objc; path = WYACardViewController.m; sourceTree = "<group>"; };
		2138D0CC21CA139C00B6C3AF /* WYASearchBarViewController.h */ = {isa = PBXFileReference; lastKnownFileType = sourcecode.c.h; path = WYASearchBarViewController.h; sourceTree = "<group>"; };
		2138D0CD21CA139C00B6C3AF /* WYASearchBarViewController.m */ = {isa = PBXFileReference; lastKnownFileType = sourcecode.c.objc; path = WYASearchBarViewController.m; sourceTree = "<group>"; };
		21470BFB219ABE9E0099CB6F /* WYATextViewController.h */ = {isa = PBXFileReference; fileEncoding = 4; lastKnownFileType = sourcecode.c.h; path = WYATextViewController.h; sourceTree = "<group>"; };
		21470BFC219ABE9F0099CB6F /* WYATextViewController.m */ = {isa = PBXFileReference; fileEncoding = 4; lastKnownFileType = sourcecode.c.objc; path = WYATextViewController.m; sourceTree = "<group>"; };
		21470BFE219ABF090099CB6F /* WYAProgressViewController.h */ = {isa = PBXFileReference; lastKnownFileType = sourcecode.c.h; path = WYAProgressViewController.h; sourceTree = "<group>"; };
		21470BFF219ABF090099CB6F /* WYAProgressViewController.m */ = {isa = PBXFileReference; lastKnownFileType = sourcecode.c.objc; path = WYAProgressViewController.m; sourceTree = "<group>"; };
		21470C01219ABF180099CB6F /* WYAToastViewController.h */ = {isa = PBXFileReference; lastKnownFileType = sourcecode.c.h; path = WYAToastViewController.h; sourceTree = "<group>"; };
		21470C02219ABF180099CB6F /* WYAToastViewController.m */ = {isa = PBXFileReference; lastKnownFileType = sourcecode.c.objc; path = WYAToastViewController.m; sourceTree = "<group>"; };
		21470C04219ABF270099CB6F /* WYAShareViewController.h */ = {isa = PBXFileReference; lastKnownFileType = sourcecode.c.h; path = WYAShareViewController.h; sourceTree = "<group>"; };
		21470C05219ABF270099CB6F /* WYAShareViewController.m */ = {isa = PBXFileReference; lastKnownFileType = sourcecode.c.objc; path = WYAShareViewController.m; sourceTree = "<group>"; };
		21470C0D219ABF570099CB6F /* WYAIMGCodeViewController.h */ = {isa = PBXFileReference; lastKnownFileType = sourcecode.c.h; path = WYAIMGCodeViewController.h; sourceTree = "<group>"; };
		21470C0E219ABF570099CB6F /* WYAIMGCodeViewController.m */ = {isa = PBXFileReference; lastKnownFileType = sourcecode.c.objc; path = WYAIMGCodeViewController.m; sourceTree = "<group>"; };
		21470C10219ABF640099CB6F /* WYABannerViewController.h */ = {isa = PBXFileReference; lastKnownFileType = sourcecode.c.h; path = WYABannerViewController.h; sourceTree = "<group>"; };
		21470C11219ABF640099CB6F /* WYABannerViewController.m */ = {isa = PBXFileReference; lastKnownFileType = sourcecode.c.objc; path = WYABannerViewController.m; sourceTree = "<group>"; };
		21470C19219ABF960099CB6F /* WYADownloaderViewController.h */ = {isa = PBXFileReference; lastKnownFileType = sourcecode.c.h; path = WYADownloaderViewController.h; sourceTree = "<group>"; };
		21470C1A219ABF960099CB6F /* WYADownloaderViewController.m */ = {isa = PBXFileReference; lastKnownFileType = sourcecode.c.objc; path = WYADownloaderViewController.m; sourceTree = "<group>"; };
		21470C1F219ABFB10099CB6F /* WYAVideoPlayerViewController.h */ = {isa = PBXFileReference; lastKnownFileType = sourcecode.c.h; path = WYAVideoPlayerViewController.h; sourceTree = "<group>"; };
		21470C20219ABFB10099CB6F /* WYAVideoPlayerViewController.m */ = {isa = PBXFileReference; lastKnownFileType = sourcecode.c.objc; path = WYAVideoPlayerViewController.m; sourceTree = "<group>"; };
		21470C26219AC9D80099CB6F /* WYAIMGCodeViewController.xib */ = {isa = PBXFileReference; lastKnownFileType = file.xib; path = WYAIMGCodeViewController.xib; sourceTree = "<group>"; };
		21470C89219BB2370099CB6F /* WYAUIAlertViewController.h */ = {isa = PBXFileReference; lastKnownFileType = sourcecode.c.h; path = WYAUIAlertViewController.h; sourceTree = "<group>"; };
		21470C8A219BB2370099CB6F /* WYAUIAlertViewController.m */ = {isa = PBXFileReference; lastKnownFileType = sourcecode.c.objc; path = WYAUIAlertViewController.m; sourceTree = "<group>"; };
		21470CA7219E93D30099CB6F /* WYAPopViewController.h */ = {isa = PBXFileReference; lastKnownFileType = sourcecode.c.h; path = WYAPopViewController.h; sourceTree = "<group>"; };
		21470CA8219E93D30099CB6F /* WYAPopViewController.m */ = {isa = PBXFileReference; lastKnownFileType = sourcecode.c.objc; path = WYAPopViewController.m; sourceTree = "<group>"; };
		21470CAA219E94630099CB6F /* WYATestViewController.h */ = {isa = PBXFileReference; lastKnownFileType = sourcecode.c.h; path = WYATestViewController.h; sourceTree = "<group>"; };
		21470CAB219E94630099CB6F /* WYATestViewController.m */ = {isa = PBXFileReference; lastKnownFileType = sourcecode.c.objc; path = WYATestViewController.m; sourceTree = "<group>"; };
		2186911B21CBD38100DA6849 /* Cycling_Lambie.svg */ = {isa = PBXFileReference; fileEncoding = 4; lastKnownFileType = text.xml; path = Cycling_Lambie.svg; sourceTree = "<group>"; };
		21A6C43321BE39F5006DA6D1 /* WYADownloadCell.h */ = {isa = PBXFileReference; lastKnownFileType = sourcecode.c.h; path = WYADownloadCell.h; sourceTree = "<group>"; };
		21A6C43421BE39F5006DA6D1 /* WYADownloadCell.m */ = {isa = PBXFileReference; lastKnownFileType = sourcecode.c.objc; path = WYADownloadCell.m; sourceTree = "<group>"; };
		21A6C47F21C0AA6C006DA6D1 /* WYADownloadCompleteCell.h */ = {isa = PBXFileReference; lastKnownFileType = sourcecode.c.h; path = WYADownloadCompleteCell.h; sourceTree = "<group>"; };
		21A6C48021C0AA6C006DA6D1 /* WYADownloadCompleteCell.m */ = {isa = PBXFileReference; lastKnownFileType = sourcecode.c.objc; path = WYADownloadCompleteCell.m; sourceTree = "<group>"; };
		21A8731721A3956B007F2921 /* WYAPaginationViewController.h */ = {isa = PBXFileReference; lastKnownFileType = sourcecode.c.h; path = WYAPaginationViewController.h; sourceTree = "<group>"; };
		21A8731821A3956B007F2921 /* WYAPaginationViewController.m */ = {isa = PBXFileReference; lastKnownFileType = sourcecode.c.objc; path = WYAPaginationViewController.m; sourceTree = "<group>"; };
		21A8732021A3A67C007F2921 /* WYAChooseMenuViewController.h */ = {isa = PBXFileReference; lastKnownFileType = sourcecode.c.h; path = WYAChooseMenuViewController.h; sourceTree = "<group>"; };
		21A8732121A3A67C007F2921 /* WYAChooseMenuViewController.m */ = {isa = PBXFileReference; lastKnownFileType = sourcecode.c.objc; path = WYAChooseMenuViewController.m; sourceTree = "<group>"; };
		21A8735021A3E1F0007F2921 /* WYASliderViewController.h */ = {isa = PBXFileReference; lastKnownFileType = sourcecode.c.h; path = WYASliderViewController.h; sourceTree = "<group>"; };
		21A8735121A3E1F0007F2921 /* WYASliderViewController.m */ = {isa = PBXFileReference; lastKnownFileType = sourcecode.c.objc; path = WYASliderViewController.m; sourceTree = "<group>"; };
		21A8735D21A4F502007F2921 /* WYANoticeViewController.h */ = {isa = PBXFileReference; lastKnownFileType = sourcecode.c.h; path = WYANoticeViewController.h; sourceTree = "<group>"; };
		21A8735E21A4F502007F2921 /* WYANoticeViewController.m */ = {isa = PBXFileReference; lastKnownFileType = sourcecode.c.objc; path = WYANoticeViewController.m; sourceTree = "<group>"; };
		21A8737021A542FE007F2921 /* WYAToastViewController.xib */ = {isa = PBXFileReference; lastKnownFileType = file.xib; path = WYAToastViewController.xib; sourceTree = "<group>"; };
		21C0EA4721CBA2AE00559A37 /* spin.svg */ = {isa = PBXFileReference; fileEncoding = 4; lastKnownFileType = text; path = spin.svg; sourceTree = "<group>"; };
		21DA3BC621AE6FE10084FCEC /* WYABannerHeaderView.h */ = {isa = PBXFileReference; lastKnownFileType = sourcecode.c.h; path = WYABannerHeaderView.h; sourceTree = "<group>"; };
		21DA3BC721AE6FE10084FCEC /* WYABannerHeaderView.m */ = {isa = PBXFileReference; lastKnownFileType = sourcecode.c.objc; path = WYABannerHeaderView.m; sourceTree = "<group>"; };
		21DA3BC921AE8E210084FCEC /* HomeHeader.h */ = {isa = PBXFileReference; lastKnownFileType = sourcecode.c.h; path = HomeHeader.h; sourceTree = "<group>"; };
		21E5A60921B1072B007E8C5F /* WYACameraCell.h */ = {isa = PBXFileReference; lastKnownFileType = sourcecode.c.h; path = WYACameraCell.h; sourceTree = "<group>"; };
		21E5A60A21B1072B007E8C5F /* WYACameraCell.m */ = {isa = PBXFileReference; lastKnownFileType = sourcecode.c.objc; path = WYACameraCell.m; sourceTree = "<group>"; };
		21E5A60B21B1072B007E8C5F /* WYACameraCell.xib */ = {isa = PBXFileReference; lastKnownFileType = file.xib; path = WYACameraCell.xib; sourceTree = "<group>"; };
		488F603DD58B4E549F4FA9E2 /* Pods-WYAKit_Tests.release.xcconfig */ = {isa = PBXFileReference; includeInIndex = 1; lastKnownFileType = text.xcconfig; name = "Pods-WYAKit_Tests.release.xcconfig"; path = "Pods/Target Support Files/Pods-WYAKit_Tests/Pods-WYAKit_Tests.release.xcconfig"; sourceTree = "<group>"; };
		6003F58A195388D20070C39A /* WYAKit_Example.app */ = {isa = PBXFileReference; explicitFileType = wrapper.application; includeInIndex = 0; path = WYAKit_Example.app; sourceTree = BUILT_PRODUCTS_DIR; };
		6003F58D195388D20070C39A /* Foundation.framework */ = {isa = PBXFileReference; lastKnownFileType = wrapper.framework; name = Foundation.framework; path = System/Library/Frameworks/Foundation.framework; sourceTree = SDKROOT; };
		6003F58F195388D20070C39A /* CoreGraphics.framework */ = {isa = PBXFileReference; lastKnownFileType = wrapper.framework; name = CoreGraphics.framework; path = System/Library/Frameworks/CoreGraphics.framework; sourceTree = SDKROOT; };
		6003F591195388D20070C39A /* UIKit.framework */ = {isa = PBXFileReference; lastKnownFileType = wrapper.framework; name = UIKit.framework; path = System/Library/Frameworks/UIKit.framework; sourceTree = SDKROOT; };
		6003F595195388D20070C39A /* WYAKit-Info.plist */ = {isa = PBXFileReference; lastKnownFileType = text.plist.xml; path = "WYAKit-Info.plist"; sourceTree = "<group>"; };
		6003F597195388D20070C39A /* en */ = {isa = PBXFileReference; lastKnownFileType = text.plist.strings; name = en; path = en.lproj/InfoPlist.strings; sourceTree = "<group>"; };
		6003F599195388D20070C39A /* main.m */ = {isa = PBXFileReference; lastKnownFileType = sourcecode.c.objc; path = main.m; sourceTree = "<group>"; };
		6003F59B195388D20070C39A /* WYAKit-Prefix.pch */ = {isa = PBXFileReference; lastKnownFileType = sourcecode.c.h; path = "WYAKit-Prefix.pch"; sourceTree = "<group>"; };
		6003F59C195388D20070C39A /* WYAAppDelegate.h */ = {isa = PBXFileReference; lastKnownFileType = sourcecode.c.h; path = WYAAppDelegate.h; sourceTree = "<group>"; };
		6003F59D195388D20070C39A /* WYAAppDelegate.m */ = {isa = PBXFileReference; lastKnownFileType = sourcecode.c.objc; path = WYAAppDelegate.m; sourceTree = "<group>"; };
		6003F5AE195388D20070C39A /* WYAKit_Tests.xctest */ = {isa = PBXFileReference; explicitFileType = wrapper.cfbundle; includeInIndex = 0; path = WYAKit_Tests.xctest; sourceTree = BUILT_PRODUCTS_DIR; };
		6003F5AF195388D20070C39A /* XCTest.framework */ = {isa = PBXFileReference; lastKnownFileType = wrapper.framework; name = XCTest.framework; path = Library/Frameworks/XCTest.framework; sourceTree = DEVELOPER_DIR; };
		6003F5B7195388D20070C39A /* Tests-Info.plist */ = {isa = PBXFileReference; lastKnownFileType = text.plist.xml; path = "Tests-Info.plist"; sourceTree = "<group>"; };
		6003F5B9195388D20070C39A /* en */ = {isa = PBXFileReference; lastKnownFileType = text.plist.strings; name = en; path = en.lproj/InfoPlist.strings; sourceTree = "<group>"; };
		6003F5BB195388D20070C39A /* Tests.m */ = {isa = PBXFileReference; lastKnownFileType = sourcecode.c.objc; path = Tests.m; sourceTree = "<group>"; };
		606FC2411953D9B200FFA9A0 /* Tests-Prefix.pch */ = {isa = PBXFileReference; lastKnownFileType = sourcecode.c.h; path = "Tests-Prefix.pch"; sourceTree = "<group>"; };
		71719F9E1E33DC2100824A3D /* Base */ = {isa = PBXFileReference; lastKnownFileType = file.storyboard; name = Base; path = Base.lproj/LaunchScreen.storyboard; sourceTree = "<group>"; };
		801C2E365940271D211968FE /* Pods-WYAKit_Example.release.xcconfig */ = {isa = PBXFileReference; includeInIndex = 1; lastKnownFileType = text.xcconfig; name = "Pods-WYAKit_Example.release.xcconfig"; path = "Pods/Target Support Files/Pods-WYAKit_Example/Pods-WYAKit_Example.release.xcconfig"; sourceTree = "<group>"; };
		83F2399E7D27BA1829D1D461 /* Pods-WYAKit_Tests.debug.xcconfig */ = {isa = PBXFileReference; includeInIndex = 1; lastKnownFileType = text.xcconfig; name = "Pods-WYAKit_Tests.debug.xcconfig"; path = "Pods/Target Support Files/Pods-WYAKit_Tests/Pods-WYAKit_Tests.debug.xcconfig"; sourceTree = "<group>"; };
		950B40E221CA3AAE002BC685 /* WYAGridViewController.h */ = {isa = PBXFileReference; lastKnownFileType = sourcecode.c.h; path = WYAGridViewController.h; sourceTree = "<group>"; };
		950B40E321CA3AAE002BC685 /* WYAGridViewController.m */ = {isa = PBXFileReference; lastKnownFileType = sourcecode.c.objc; path = WYAGridViewController.m; sourceTree = "<group>"; };
		950B40EB21CA521C002BC685 /* RootViewController.h */ = {isa = PBXFileReference; fileEncoding = 4; lastKnownFileType = sourcecode.c.h; path = RootViewController.h; sourceTree = "<group>"; };
		950B40EC21CA521C002BC685 /* RootViewController.m */ = {isa = PBXFileReference; fileEncoding = 4; lastKnownFileType = sourcecode.c.objc; path = RootViewController.m; sourceTree = "<group>"; };
		950B40F121CA5258002BC685 /* RootControllerModel.h */ = {isa = PBXFileReference; fileEncoding = 4; lastKnownFileType = sourcecode.c.h; path = RootControllerModel.h; sourceTree = "<group>"; };
		950B40F221CA5258002BC685 /* RootControllerModel.m */ = {isa = PBXFileReference; fileEncoding = 4; lastKnownFileType = sourcecode.c.objc; path = RootControllerModel.m; sourceTree = "<group>"; };
		950B40F421CA7B52002BC685 /* WYAReadMeViewController.h */ = {isa = PBXFileReference; lastKnownFileType = sourcecode.c.h; path = WYAReadMeViewController.h; sourceTree = "<group>"; };
		950B40F521CA7B52002BC685 /* WYAReadMeViewController.m */ = {isa = PBXFileReference; lastKnownFileType = sourcecode.c.objc; path = WYAReadMeViewController.m; sourceTree = "<group>"; };
		951FC0AE21A558CA00E1E4FE /* WYAPageViewController.h */ = {isa = PBXFileReference; lastKnownFileType = sourcecode.c.h; path = WYAPageViewController.h; sourceTree = "<group>"; };
		951FC0AF21A558CA00E1E4FE /* WYAPageViewController.m */ = {isa = PBXFileReference; lastKnownFileType = sourcecode.c.objc; path = WYAPageViewController.m; sourceTree = "<group>"; };
		951FC0B121A559A900E1E4FE /* WYACustomPageController.h */ = {isa = PBXFileReference; lastKnownFileType = sourcecode.c.h; path = WYACustomPageController.h; sourceTree = "<group>"; };
		951FC0B221A559A900E1E4FE /* WYACustomPageController.m */ = {isa = PBXFileReference; lastKnownFileType = sourcecode.c.objc; path = WYACustomPageController.m; sourceTree = "<group>"; };
		951FC0C721A63CC400E1E4FE /* WYAThreeTableViewController.h */ = {isa = PBXFileReference; lastKnownFileType = sourcecode.c.h; path = WYAThreeTableViewController.h; sourceTree = "<group>"; };
		951FC0C821A63CC400E1E4FE /* WYAThreeTableViewController.m */ = {isa = PBXFileReference; lastKnownFileType = sourcecode.c.objc; path = WYAThreeTableViewController.m; sourceTree = "<group>"; };
		9527A91821AD291700B10579 /* WYABaseViewController.h */ = {isa = PBXFileReference; lastKnownFileType = sourcecode.c.h; path = WYABaseViewController.h; sourceTree = "<group>"; };
		9527A91921AD291700B10579 /* WYABaseViewController.m */ = {isa = PBXFileReference; lastKnownFileType = sourcecode.c.objc; path = WYABaseViewController.m; sourceTree = "<group>"; };
		9527A91B21AD293200B10579 /* Config.pch */ = {isa = PBXFileReference; lastKnownFileType = sourcecode.c.h; path = Config.pch; sourceTree = "<group>"; };
		9527A91C21AD711B00B10579 /* WYAShowNavController.h */ = {isa = PBXFileReference; lastKnownFileType = sourcecode.c.h; path = WYAShowNavController.h; sourceTree = "<group>"; };
		9527A91D21AD711B00B10579 /* WYAShowNavController.m */ = {isa = PBXFileReference; lastKnownFileType = sourcecode.c.objc; path = WYAShowNavController.m; sourceTree = "<group>"; };
		9533A60621CA1EB2004D9F0D /* WYASegmentedController.h */ = {isa = PBXFileReference; lastKnownFileType = sourcecode.c.h; path = WYASegmentedController.h; sourceTree = "<group>"; };
		9533A60721CA1EB2004D9F0D /* WYASegmentedController.m */ = {isa = PBXFileReference; lastKnownFileType = sourcecode.c.objc; path = WYASegmentedController.m; sourceTree = "<group>"; };
		954CB76321A94DC20016C0F5 /* WYATwoTableViewController.h */ = {isa = PBXFileReference; fileEncoding = 4; lastKnownFileType = sourcecode.c.h; path = WYATwoTableViewController.h; sourceTree = "<group>"; };
		954CB76421A94DC20016C0F5 /* WYAOneTableViewController.m */ = {isa = PBXFileReference; fileEncoding = 4; lastKnownFileType = sourcecode.c.objc; path = WYAOneTableViewController.m; sourceTree = "<group>"; };
		954CB76521A94DC30016C0F5 /* WYAOneTableViewController.h */ = {isa = PBXFileReference; fileEncoding = 4; lastKnownFileType = sourcecode.c.h; path = WYAOneTableViewController.h; sourceTree = "<group>"; };
		954CB76621A94DC30016C0F5 /* WYATwoTableViewController.m */ = {isa = PBXFileReference; fileEncoding = 4; lastKnownFileType = sourcecode.c.objc; path = WYATwoTableViewController.m; sourceTree = "<group>"; };
		954CB76921A94DD50016C0F5 /* WYATablePageController.h */ = {isa = PBXFileReference; fileEncoding = 4; lastKnownFileType = sourcecode.c.h; path = WYATablePageController.h; sourceTree = "<group>"; };
		954CB76A21A94DD50016C0F5 /* WYATablePageController.m */ = {isa = PBXFileReference; fileEncoding = 4; lastKnownFileType = sourcecode.c.objc; path = WYATablePageController.m; sourceTree = "<group>"; };
		9559283221AE82D400C46D6D /* WYAGridItemCell.h */ = {isa = PBXFileReference; lastKnownFileType = sourcecode.c.h; path = WYAGridItemCell.h; sourceTree = "<group>"; };
		9559283321AE82D400C46D6D /* WYAGridItemCell.m */ = {isa = PBXFileReference; lastKnownFileType = sourcecode.c.objc; path = WYAGridItemCell.m; sourceTree = "<group>"; };
		9563FEA121B7609E00DA82D7 /* WYARealmCell.h */ = {isa = PBXFileReference; lastKnownFileType = sourcecode.c.h; path = WYARealmCell.h; sourceTree = "<group>"; };
		9563FEA221B7609E00DA82D7 /* WYARealmCell.m */ = {isa = PBXFileReference; lastKnownFileType = sourcecode.c.objc; path = WYARealmCell.m; sourceTree = "<group>"; };
		9563FEA421B760B100DA82D7 /* WYARealmHeaderView.h */ = {isa = PBXFileReference; lastKnownFileType = sourcecode.c.h; path = WYARealmHeaderView.h; sourceTree = "<group>"; };
		9563FEA521B760B100DA82D7 /* WYARealmHeaderView.m */ = {isa = PBXFileReference; lastKnownFileType = sourcecode.c.objc; path = WYARealmHeaderView.m; sourceTree = "<group>"; };
		9563FEAA21B7AEEE00DA82D7 /* WYARealmSectionView.h */ = {isa = PBXFileReference; lastKnownFileType = sourcecode.c.h; path = WYARealmSectionView.h; sourceTree = "<group>"; };
		9563FEAB21B7AEEE00DA82D7 /* WYARealmSectionView.m */ = {isa = PBXFileReference; lastKnownFileType = sourcecode.c.objc; path = WYARealmSectionView.m; sourceTree = "<group>"; };
		956BCC8421B5329C0044095E /* WYAReamlViewController.h */ = {isa = PBXFileReference; lastKnownFileType = sourcecode.c.h; path = WYAReamlViewController.h; sourceTree = "<group>"; };
		956BCC8521B5329C0044095E /* WYAReamlViewController.m */ = {isa = PBXFileReference; lastKnownFileType = sourcecode.c.objc; path = WYAReamlViewController.m; sourceTree = "<group>"; };
		956BCC8E21B567E60044095E /* Student.h */ = {isa = PBXFileReference; lastKnownFileType = sourcecode.c.h; path = Student.h; sourceTree = "<group>"; };
		956BCC8F21B567E60044095E /* Student.m */ = {isa = PBXFileReference; lastKnownFileType = sourcecode.c.objc; path = Student.m; sourceTree = "<group>"; };
		956D1E79219D7929006A40AB /* TODO .md */ = {isa = PBXFileReference; fileEncoding = 4; lastKnownFileType = net.daringfireball.markdown; path = "TODO .md"; sourceTree = "<group>"; };
		9578496E21AFDD9A001E19DC /* WYAInputItemCellController.h */ = {isa = PBXFileReference; lastKnownFileType = sourcecode.c.h; path = WYAInputItemCellController.h; sourceTree = "<group>"; };
		9578496F21AFDD9A001E19DC /* WYAInputItemCellController.m */ = {isa = PBXFileReference; lastKnownFileType = sourcecode.c.objc; path = WYAInputItemCellController.m; sourceTree = "<group>"; };
		9578497621B0091A001E19DC /* WYAInputItemTwoCell.h */ = {isa = PBXFileReference; lastKnownFileType = sourcecode.c.h; path = WYAInputItemTwoCell.h; sourceTree = "<group>"; };
		9578497721B0091A001E19DC /* WYAInputItemTwoCell.m */ = {isa = PBXFileReference; lastKnownFileType = sourcecode.c.objc; path = WYAInputItemTwoCell.m; sourceTree = "<group>"; };
		9578497921B0C673001E19DC /* WYAInputItemModel.h */ = {isa = PBXFileReference; lastKnownFileType = sourcecode.c.h; path = WYAInputItemModel.h; sourceTree = "<group>"; };
		9578497A21B0C673001E19DC /* WYAInputItemModel.m */ = {isa = PBXFileReference; lastKnownFileType = sourcecode.c.objc; path = WYAInputItemModel.m; sourceTree = "<group>"; };
		9578497C21B0C8B8001E19DC /* WYAInputOneCell.h */ = {isa = PBXFileReference; lastKnownFileType = sourcecode.c.h; path = WYAInputOneCell.h; sourceTree = "<group>"; };
		9578497D21B0C8B8001E19DC /* WYAInputOneCell.m */ = {isa = PBXFileReference; lastKnownFileType = sourcecode.c.objc; path = WYAInputOneCell.m; sourceTree = "<group>"; };
		9578498321B11074001E19DC /* WYAListModel.h */ = {isa = PBXFileReference; lastKnownFileType = sourcecode.c.h; path = WYAListModel.h; sourceTree = "<group>"; };
		9578498421B11074001E19DC /* WYAListModel.m */ = {isa = PBXFileReference; lastKnownFileType = sourcecode.c.objc; path = WYAListModel.m; sourceTree = "<group>"; };
		9578498921B11942001E19DC /* WYAListOneCell.h */ = {isa = PBXFileReference; lastKnownFileType = sourcecode.c.h; path = WYAListOneCell.h; sourceTree = "<group>"; };
		9578498A21B11942001E19DC /* WYAListOneCell.m */ = {isa = PBXFileReference; lastKnownFileType = sourcecode.c.objc; path = WYAListOneCell.m; sourceTree = "<group>"; };
		9578498C21B1194E001E19DC /* WYAListTwoCell.h */ = {isa = PBXFileReference; lastKnownFileType = sourcecode.c.h; path = WYAListTwoCell.h; sourceTree = "<group>"; };
		9578498D21B1194E001E19DC /* WYAListTwoCell.m */ = {isa = PBXFileReference; lastKnownFileType = sourcecode.c.objc; path = WYAListTwoCell.m; sourceTree = "<group>"; };
		9578498F21B1195A001E19DC /* WYAListThreeCell.h */ = {isa = PBXFileReference; lastKnownFileType = sourcecode.c.h; path = WYAListThreeCell.h; sourceTree = "<group>"; };
		9578499021B1195A001E19DC /* WYAListThreeCell.m */ = {isa = PBXFileReference; lastKnownFileType = sourcecode.c.objc; path = WYAListThreeCell.m; sourceTree = "<group>"; };
		9578499221B11967001E19DC /* WYAListFourCell.h */ = {isa = PBXFileReference; lastKnownFileType = sourcecode.c.h; path = WYAListFourCell.h; sourceTree = "<group>"; };
		9578499321B11967001E19DC /* WYAListFourCell.m */ = {isa = PBXFileReference; lastKnownFileType = sourcecode.c.objc; path = WYAListFourCell.m; sourceTree = "<group>"; };
		957F649021C88D930009C044 /* WYANavBarViewController.h */ = {isa = PBXFileReference; lastKnownFileType = sourcecode.c.h; path = WYANavBarViewController.h; sourceTree = "<group>"; };
		957F649121C88D930009C044 /* WYANavBarViewController.m */ = {isa = PBXFileReference; lastKnownFileType = sourcecode.c.objc; path = WYANavBarViewController.m; sourceTree = "<group>"; };
		957F649321C8DED00009C044 /* CustomColor.h */ = {isa = PBXFileReference; lastKnownFileType = sourcecode.c.h; path = CustomColor.h; sourceTree = "<group>"; };
		957F649421C8EEDF0009C044 /* WYAListViewController.h */ = {isa = PBXFileReference; lastKnownFileType = sourcecode.c.h; path = WYAListViewController.h; sourceTree = "<group>"; };
		957F649521C8EEDF0009C044 /* WYAListViewController.m */ = {isa = PBXFileReference; lastKnownFileType = sourcecode.c.objc; path = WYAListViewController.m; sourceTree = "<group>"; };
		95F0944621CA7F7E00FFC0CF /* WYAButtonViewController.h */ = {isa = PBXFileReference; fileEncoding = 4; lastKnownFileType = sourcecode.c.h; path = WYAButtonViewController.h; sourceTree = "<group>"; };
		95F0944721CA7F7E00FFC0CF /* WYAButtonViewController.m */ = {isa = PBXFileReference; fileEncoding = 4; lastKnownFileType = sourcecode.c.objc; path = WYAButtonViewController.m; sourceTree = "<group>"; };
		95F0944921CB6DCF00FFC0CF /* WYAPopVerReadMeViewController.h */ = {isa = PBXFileReference; lastKnownFileType = sourcecode.c.h; path = WYAPopVerReadMeViewController.h; sourceTree = "<group>"; };
		95F0944A21CB6DCF00FFC0CF /* WYAPopVerReadMeViewController.m */ = {isa = PBXFileReference; lastKnownFileType = sourcecode.c.objc; path = WYAPopVerReadMeViewController.m; sourceTree = "<group>"; };
		95F0944C21CB79DB00FFC0CF /* WYAMineViewController.h */ = {isa = PBXFileReference; lastKnownFileType = sourcecode.c.h; path = WYAMineViewController.h; sourceTree = "<group>"; };
		95F0944D21CB79DB00FFC0CF /* WYAMineViewController.m */ = {isa = PBXFileReference; lastKnownFileType = sourcecode.c.objc; path = WYAMineViewController.m; sourceTree = "<group>"; };
		95F0946221CBD0CA00FFC0CF /* Images.xcassets */ = {isa = PBXFileReference; lastKnownFileType = folder.assetcatalog; path = Images.xcassets; sourceTree = "<group>"; };
		95F0EE4021AF7721006F8AD4 /* WYAStepperController.h */ = {isa = PBXFileReference; lastKnownFileType = sourcecode.c.h; path = WYAStepperController.h; sourceTree = "<group>"; };
		95F0EE4121AF7721006F8AD4 /* WYAStepperController.m */ = {isa = PBXFileReference; lastKnownFileType = sourcecode.c.objc; path = WYAStepperController.m; sourceTree = "<group>"; };
		BB2BD88E491B4BE33928C5E8 /* LICENSE */ = {isa = PBXFileReference; includeInIndex = 1; lastKnownFileType = text; name = LICENSE; path = ../LICENSE; sourceTree = "<group>"; };
		C1DE651882EDC196658DAD96 /* Pods-WYAKit_Example.debug.xcconfig */ = {isa = PBXFileReference; includeInIndex = 1; lastKnownFileType = text.xcconfig; name = "Pods-WYAKit_Example.debug.xcconfig"; path = "Pods/Target Support Files/Pods-WYAKit_Example/Pods-WYAKit_Example.debug.xcconfig"; sourceTree = "<group>"; };
		C64412C60C1201F2DC231D94 /* README.md */ = {isa = PBXFileReference; includeInIndex = 1; lastKnownFileType = net.daringfireball.markdown; name = README.md; path = ../README.md; sourceTree = "<group>"; };
		F60F6FE250AF5CA1776BC059 /* Pods_WYAKit_Tests.framework */ = {isa = PBXFileReference; explicitFileType = wrapper.framework; includeInIndex = 0; path = Pods_WYAKit_Tests.framework; sourceTree = BUILT_PRODUCTS_DIR; };
/* End PBXFileReference section */

/* Begin PBXFrameworksBuildPhase section */
		6003F587195388D20070C39A /* Frameworks */ = {
			isa = PBXFrameworksBuildPhase;
			buildActionMask = 2147483647;
			files = (
				6003F590195388D20070C39A /* CoreGraphics.framework in Frameworks */,
				6003F592195388D20070C39A /* UIKit.framework in Frameworks */,
				6003F58E195388D20070C39A /* Foundation.framework in Frameworks */,
				917A49808D1DD8B518EB389F /* Pods_WYAKit_Example.framework in Frameworks */,
			);
			runOnlyForDeploymentPostprocessing = 0;
		};
		6003F5AB195388D20070C39A /* Frameworks */ = {
			isa = PBXFrameworksBuildPhase;
			buildActionMask = 2147483647;
			files = (
				6003F5B0195388D20070C39A /* XCTest.framework in Frameworks */,
				6003F5B2195388D20070C39A /* UIKit.framework in Frameworks */,
				6003F5B1195388D20070C39A /* Foundation.framework in Frameworks */,
				7E91C43C6FD8CC0E458A5255 /* Pods_WYAKit_Tests.framework in Frameworks */,
			);
			runOnlyForDeploymentPostprocessing = 0;
		};
/* End PBXFrameworksBuildPhase section */

/* Begin PBXGroup section */
		210C72F621C7D7DE00196F07 /* WYADrawserViewControll */ = {
			isa = PBXGroup;
			children = (
				210C72F721C7D80A00196F07 /* WYADrawserCenterViewController.h */,
				210C72F821C7D80A00196F07 /* WYADrawserCenterViewController.m */,
				210C72FA21C7D81E00196F07 /* WYADrawserLeftViewController.h */,
				210C72FB21C7D81E00196F07 /* WYADrawserLeftViewController.m */,
			);
			path = WYADrawserViewControll;
			sourceTree = "<group>";
		};
		210E9F7A21AD403400BFE994 /* WYACell */ = {
			isa = PBXGroup;
			children = (
				9578497521B008DF001E19DC /* List_inputItemView */,
				210E9F7B21AD406600BFE994 /* WYACellTableViewController.h */,
				210E9F7C21AD406600BFE994 /* WYACellTableViewController.m */,
				9578496E21AFDD9A001E19DC /* WYAInputItemCellController.h */,
				9578496F21AFDD9A001E19DC /* WYAInputItemCellController.m */,
				957F649421C8EEDF0009C044 /* WYAListViewController.h */,
				957F649521C8EEDF0009C044 /* WYAListViewController.m */,
			);
			path = WYACell;
			sourceTree = "<group>";
		};
		210E9F8721AD78F200BFE994 /* WYAImageBrowser */ = {
			isa = PBXGroup;
			children = (
				210E9F8821AD790A00BFE994 /* WYAImageBrowserViewController.h */,
				210E9F8921AD790A00BFE994 /* WYAImageBrowserViewController.m */,
			);
			path = WYAImageBrowser;
			sourceTree = "<group>";
		};
		2138D0C621C9E29B00B6C3AF /* WYACard */ = {
			isa = PBXGroup;
			children = (
				2138D0C721C9E2B100B6C3AF /* WYACardViewController.h */,
				2138D0C821C9E2B100B6C3AF /* WYACardViewController.m */,
			);
			path = WYACard;
			sourceTree = "<group>";
		};
		2138D0CB21CA136D00B6C3AF /* WYASearchBar */ = {
			isa = PBXGroup;
			children = (
				2138D0CC21CA139C00B6C3AF /* WYASearchBarViewController.h */,
				2138D0CD21CA139C00B6C3AF /* WYASearchBarViewController.m */,
			);
			path = WYASearchBar;
			sourceTree = "<group>";
		};
		21470BEC219ABE880099CB6F /* WYATools */ = {
			isa = PBXGroup;
			children = (
				956BCC8321B532870044095E /* Realm */,
				21470BEE219ABE880099CB6F /* WYADownloader */,
				21470BEF219ABE880099CB6F /* WYACamera */,
				21470BF0219ABE880099CB6F /* WYAVideoPlayer */,
			);
			path = WYATools;
			sourceTree = "<group>";
		};
		21470BEE219ABE880099CB6F /* WYADownloader */ = {
			isa = PBXGroup;
			children = (
				21470C19219ABF960099CB6F /* WYADownloaderViewController.h */,
				21470C1A219ABF960099CB6F /* WYADownloaderViewController.m */,
				21A6C43321BE39F5006DA6D1 /* WYADownloadCell.h */,
				21A6C43421BE39F5006DA6D1 /* WYADownloadCell.m */,
				21A6C47F21C0AA6C006DA6D1 /* WYADownloadCompleteCell.h */,
				21A6C48021C0AA6C006DA6D1 /* WYADownloadCompleteCell.m */,
			);
			path = WYADownloader;
			sourceTree = "<group>";
		};
		21470BEF219ABE880099CB6F /* WYACamera */ = {
			isa = PBXGroup;
			children = (
				210E9F6321A93D2300BFE994 /* WYACameraVC.h */,
				210E9F6421A93D2300BFE994 /* WYACameraVC.m */,
				21E5A60921B1072B007E8C5F /* WYACameraCell.h */,
				21E5A60A21B1072B007E8C5F /* WYACameraCell.m */,
				21E5A60B21B1072B007E8C5F /* WYACameraCell.xib */,
			);
			path = WYACamera;
			sourceTree = "<group>";
		};
		21470BF0219ABE880099CB6F /* WYAVideoPlayer */ = {
			isa = PBXGroup;
			children = (
				21470C1F219ABFB10099CB6F /* WYAVideoPlayerViewController.h */,
				21470C20219ABFB10099CB6F /* WYAVideoPlayerViewController.m */,
			);
			path = WYAVideoPlayer;
			sourceTree = "<group>";
		};
		21470BF1219ABE880099CB6F /* WYAUIKit */ = {
			isa = PBXGroup;
			children = (
				950B40E121CA3A8A002BC685 /* WYAGridViewController */,
				9533A60521CA1E89004D9F0D /* WYAButton */,
				9533A60421CA1E7E004D9F0D /* WYASegmentedControl */,
				2138D0CB21CA136D00B6C3AF /* WYASearchBar */,
				2138D0C621C9E29B00B6C3AF /* WYACard */,
				957F648F21C88D380009C044 /* WYANavBarUI */,
				210C72F621C7D7DE00196F07 /* WYADrawserViewControll */,
				9559282B21AE2C0900C46D6D /* WYAStepperView */,
				210E9F8721AD78F200BFE994 /* WYAImageBrowser */,
				210E9F7A21AD403400BFE994 /* WYACell */,
				21A8735C21A4F4EB007F2921 /* WYANoticeBar */,
				21A8734F21A3E1D5007F2921 /* WYASlider */,
				21A8731F21A3A65D007F2921 /* WYAChooseMenu */,
				21A8731621A39550007F2921 /* WYAPaginationView */,
				21470CA6219E93B10099CB6F /* PopViewController */,
				21470BF2219ABE880099CB6F /* WYAProgressView */,
				21470BF3219ABE880099CB6F /* WYAToastView */,
				21470BF4219ABE880099CB6F /* WYATextView */,
				21470BF5219ABE880099CB6F /* WYAShareView */,
				21470BF6219ABE880099CB6F /* WYAPickerView */,
				21470BF7219ABE880099CB6F /* WYAPageViewController */,
				21470BF8219ABE880099CB6F /* WYAIMGCode */,
				21470BF9219ABE880099CB6F /* WYABannerView */,
				21470BFA219ABE880099CB6F /* WYAUIAlert */,
			);
			path = WYAUIKit;
			sourceTree = "<group>";
		};
		21470BF2219ABE880099CB6F /* WYAProgressView */ = {
			isa = PBXGroup;
			children = (
				21470BFE219ABF090099CB6F /* WYAProgressViewController.h */,
				21470BFF219ABF090099CB6F /* WYAProgressViewController.m */,
			);
			path = WYAProgressView;
			sourceTree = "<group>";
		};
		21470BF3219ABE880099CB6F /* WYAToastView */ = {
			isa = PBXGroup;
			children = (
				21470C01219ABF180099CB6F /* WYAToastViewController.h */,
				21470C02219ABF180099CB6F /* WYAToastViewController.m */,
				21A8737021A542FE007F2921 /* WYAToastViewController.xib */,
			);
			path = WYAToastView;
			sourceTree = "<group>";
		};
		21470BF4219ABE880099CB6F /* WYATextView */ = {
			isa = PBXGroup;
			children = (
				21470BFB219ABE9E0099CB6F /* WYATextViewController.h */,
				21470BFC219ABE9F0099CB6F /* WYATextViewController.m */,
			);
			path = WYATextView;
			sourceTree = "<group>";
		};
		21470BF5219ABE880099CB6F /* WYAShareView */ = {
			isa = PBXGroup;
			children = (
				21470C04219ABF270099CB6F /* WYAShareViewController.h */,
				21470C05219ABF270099CB6F /* WYAShareViewController.m */,
			);
			path = WYAShareView;
			sourceTree = "<group>";
		};
		21470BF6219ABE880099CB6F /* WYAPickerView */ = {
			isa = PBXGroup;
			children = (
				210E9F4D21A6876900BFE994 /* WYAPickerViewController.h */,
				210E9F4E21A6876900BFE994 /* WYAPickerViewController.m */,
			);
			path = WYAPickerView;
			sourceTree = "<group>";
		};
		21470BF7219ABE880099CB6F /* WYAPageViewController */ = {
			isa = PBXGroup;
			children = (
				951FC0B421A6398900E1E4FE /* Controllers */,
				951FC0AE21A558CA00E1E4FE /* WYAPageViewController.h */,
				951FC0AF21A558CA00E1E4FE /* WYAPageViewController.m */,
				951FC0B121A559A900E1E4FE /* WYACustomPageController.h */,
				951FC0B221A559A900E1E4FE /* WYACustomPageController.m */,
				954CB76921A94DD50016C0F5 /* WYATablePageController.h */,
				954CB76A21A94DD50016C0F5 /* WYATablePageController.m */,
				9527A91C21AD711B00B10579 /* WYAShowNavController.h */,
				9527A91D21AD711B00B10579 /* WYAShowNavController.m */,
			);
			path = WYAPageViewController;
			sourceTree = "<group>";
		};
		21470BF8219ABE880099CB6F /* WYAIMGCode */ = {
			isa = PBXGroup;
			children = (
				21470C0D219ABF570099CB6F /* WYAIMGCodeViewController.h */,
				21470C0E219ABF570099CB6F /* WYAIMGCodeViewController.m */,
				21470C26219AC9D80099CB6F /* WYAIMGCodeViewController.xib */,
			);
			path = WYAIMGCode;
			sourceTree = "<group>";
		};
		21470BF9219ABE880099CB6F /* WYABannerView */ = {
			isa = PBXGroup;
			children = (
				21470C10219ABF640099CB6F /* WYABannerViewController.h */,
				21470C11219ABF640099CB6F /* WYABannerViewController.m */,
				21DA3BC621AE6FE10084FCEC /* WYABannerHeaderView.h */,
				21DA3BC721AE6FE10084FCEC /* WYABannerHeaderView.m */,
			);
			path = WYABannerView;
			sourceTree = "<group>";
		};
		21470BFA219ABE880099CB6F /* WYAUIAlert */ = {
			isa = PBXGroup;
			children = (
				21470C89219BB2370099CB6F /* WYAUIAlertViewController.h */,
				21470C8A219BB2370099CB6F /* WYAUIAlertViewController.m */,
			);
			path = WYAUIAlert;
			sourceTree = "<group>";
		};
		21470CA3219D5E1A0099CB6F /* Doc */ = {
			isa = PBXGroup;
			children = (
				956D1E79219D7929006A40AB /* TODO .md */,
			);
			name = Doc;
			path = ../Doc;
			sourceTree = "<group>";
		};
		21470CA6219E93B10099CB6F /* PopViewController */ = {
			isa = PBXGroup;
			children = (
				21470CA7219E93D30099CB6F /* WYAPopViewController.h */,
				21470CA8219E93D30099CB6F /* WYAPopViewController.m */,
				21470CAA219E94630099CB6F /* WYATestViewController.h */,
				21470CAB219E94630099CB6F /* WYATestViewController.m */,
				210C72FD21C7DF6500196F07 /* WYAPopCell.h */,
				210C72FE21C7DF6500196F07 /* WYAPopCell.m */,
			);
			path = PopViewController;
			sourceTree = "<group>";
		};
		21A8731621A39550007F2921 /* WYAPaginationView */ = {
			isa = PBXGroup;
			children = (
				21A8731721A3956B007F2921 /* WYAPaginationViewController.h */,
				21A8731821A3956B007F2921 /* WYAPaginationViewController.m */,
			);
			path = WYAPaginationView;
			sourceTree = "<group>";
		};
		21A8731F21A3A65D007F2921 /* WYAChooseMenu */ = {
			isa = PBXGroup;
			children = (
				21A8732021A3A67C007F2921 /* WYAChooseMenuViewController.h */,
				21A8732121A3A67C007F2921 /* WYAChooseMenuViewController.m */,
			);
			path = WYAChooseMenu;
			sourceTree = "<group>";
		};
		21A8734F21A3E1D5007F2921 /* WYASlider */ = {
			isa = PBXGroup;
			children = (
				21A8735021A3E1F0007F2921 /* WYASliderViewController.h */,
				21A8735121A3E1F0007F2921 /* WYASliderViewController.m */,
			);
			path = WYASlider;
			sourceTree = "<group>";
		};
		21A8735C21A4F4EB007F2921 /* WYANoticeBar */ = {
			isa = PBXGroup;
			children = (
				21A8735D21A4F502007F2921 /* WYANoticeViewController.h */,
				21A8735E21A4F502007F2921 /* WYANoticeViewController.m */,
			);
			path = WYANoticeBar;
			sourceTree = "<group>";
		};
		6003F581195388D10070C39A = {
			isa = PBXGroup;
			children = (
				60FF7A9C1954A5C5007DD14C /* Podspec Metadata */,
				21470CA3219D5E1A0099CB6F /* Doc */,
				6003F593195388D20070C39A /* Example for WYAKit */,
				6003F5B5195388D20070C39A /* Tests */,
				6003F58C195388D20070C39A /* Frameworks */,
				6003F58B195388D20070C39A /* Products */,
				796C78B5391B242E471C51AE /* Pods */,
			);
			sourceTree = "<group>";
		};
		6003F58B195388D20070C39A /* Products */ = {
			isa = PBXGroup;
			children = (
				6003F58A195388D20070C39A /* WYAKit_Example.app */,
				6003F5AE195388D20070C39A /* WYAKit_Tests.xctest */,
			);
			name = Products;
			sourceTree = "<group>";
		};
		6003F58C195388D20070C39A /* Frameworks */ = {
			isa = PBXGroup;
			children = (
				6003F58D195388D20070C39A /* Foundation.framework */,
				6003F58F195388D20070C39A /* CoreGraphics.framework */,
				6003F591195388D20070C39A /* UIKit.framework */,
				6003F5AF195388D20070C39A /* XCTest.framework */,
				0B138027D323AEC294D6B793 /* Pods_WYAKit_Example.framework */,
				F60F6FE250AF5CA1776BC059 /* Pods_WYAKit_Tests.framework */,
			);
			name = Frameworks;
			sourceTree = "<group>";
		};
		6003F593195388D20070C39A /* Example for WYAKit */ = {
			isa = PBXGroup;
			children = (
				950B40E521CA5162002BC685 /* Class */,
				9559282A21AE288900C46D6D /* AppDelegate */,
				9559282921AE27FB00C46D6D /* RootViewController */,
				9528A52D21AD181E00EFEF18 /* Config */,
				9528A52C21AD181000EFEF18 /* Base */,
				71719F9D1E33DC2100824A3D /* LaunchScreen.storyboard */,
				95F0946221CBD0CA00FFC0CF /* Images.xcassets */,
				6003F594195388D20070C39A /* Supporting Files */,
			);
			name = "Example for WYAKit";
			path = WYAKit;
			sourceTree = "<group>";
		};
		6003F594195388D20070C39A /* Supporting Files */ = {
			isa = PBXGroup;
			children = (
				6003F595195388D20070C39A /* WYAKit-Info.plist */,
				6003F596195388D20070C39A /* InfoPlist.strings */,
				6003F599195388D20070C39A /* main.m */,
				6003F59B195388D20070C39A /* WYAKit-Prefix.pch */,
			);
			name = "Supporting Files";
			sourceTree = "<group>";
		};
		6003F5B5195388D20070C39A /* Tests */ = {
			isa = PBXGroup;
			children = (
				6003F5BB195388D20070C39A /* Tests.m */,
				6003F5B6195388D20070C39A /* Supporting Files */,
			);
			path = Tests;
			sourceTree = "<group>";
		};
		6003F5B6195388D20070C39A /* Supporting Files */ = {
			isa = PBXGroup;
			children = (
				6003F5B7195388D20070C39A /* Tests-Info.plist */,
				6003F5B8195388D20070C39A /* InfoPlist.strings */,
				606FC2411953D9B200FFA9A0 /* Tests-Prefix.pch */,
			);
			name = "Supporting Files";
			sourceTree = "<group>";
		};
		60FF7A9C1954A5C5007DD14C /* Podspec Metadata */ = {
			isa = PBXGroup;
			children = (
				04D1ACF52C5DE7EAAB1AC8A3 /* WYAKit.podspec */,
				C64412C60C1201F2DC231D94 /* README.md */,
				BB2BD88E491B4BE33928C5E8 /* LICENSE */,
			);
			name = "Podspec Metadata";
			sourceTree = "<group>";
		};
		796C78B5391B242E471C51AE /* Pods */ = {
			isa = PBXGroup;
			children = (
				C1DE651882EDC196658DAD96 /* Pods-WYAKit_Example.debug.xcconfig */,
				801C2E365940271D211968FE /* Pods-WYAKit_Example.release.xcconfig */,
				83F2399E7D27BA1829D1D461 /* Pods-WYAKit_Tests.debug.xcconfig */,
				488F603DD58B4E549F4FA9E2 /* Pods-WYAKit_Tests.release.xcconfig */,
			);
			name = Pods;
			sourceTree = "<group>";
		};
		950B40E121CA3A8A002BC685 /* WYAGridViewController */ = {
			isa = PBXGroup;
			children = (
				9559283221AE82D400C46D6D /* WYAGridItemCell.h */,
				9559283321AE82D400C46D6D /* WYAGridItemCell.m */,
				950B40E221CA3AAE002BC685 /* WYAGridViewController.h */,
				950B40E321CA3AAE002BC685 /* WYAGridViewController.m */,
			);
			path = WYAGridViewController;
			sourceTree = "<group>";
		};
		950B40E521CA5162002BC685 /* Class */ = {
			isa = PBXGroup;
			children = (
				950B40E721CA5195002BC685 /* Mine */,
				950B40E621CA517B002BC685 /* Home */,
			);
			path = Class;
			sourceTree = "<group>";
		};
		950B40E621CA517B002BC685 /* Home */ = {
			isa = PBXGroup;
			children = (
				950B40EA21CA51F4002BC685 /* HomeModel */,
				950B40E921CA51DA002BC685 /* HomeView */,
				950B40E821CA51C0002BC685 /* HomeController */,
				21470BEC219ABE880099CB6F /* WYATools */,
				21470BF1219ABE880099CB6F /* WYAUIKit */,
			);
			path = Home;
			sourceTree = "<group>";
		};
		950B40E721CA5195002BC685 /* Mine */ = {
			isa = PBXGroup;
			children = (
				95F0944C21CB79DB00FFC0CF /* WYAMineViewController.h */,
				95F0944D21CB79DB00FFC0CF /* WYAMineViewController.m */,
			);
			path = Mine;
			sourceTree = "<group>";
		};
		950B40E821CA51C0002BC685 /* HomeController */ = {
			isa = PBXGroup;
			children = (
				210E9F6621ABEB5300BFE994 /* WYAHomeViewController.h */,
				210E9F6721ABEB5300BFE994 /* WYAHomeViewController.m */,
				950B40F421CA7B52002BC685 /* WYAReadMeViewController.h */,
				950B40F521CA7B52002BC685 /* WYAReadMeViewController.m */,
				95F0944921CB6DCF00FFC0CF /* WYAPopVerReadMeViewController.h */,
				95F0944A21CB6DCF00FFC0CF /* WYAPopVerReadMeViewController.m */,
			);
			path = HomeController;
			sourceTree = "<group>";
		};
		950B40E921CA51DA002BC685 /* HomeView */ = {
			isa = PBXGroup;
			children = (
				210C72F021C7C5F100196F07 /* WYAHomeHeaderView.h */,
				210C72F121C7C5F100196F07 /* WYAHomeHeaderView.m */,
				210C72F321C7CCBA00196F07 /* WYAHomeTableCell.h */,
				210C72F421C7CCBA00196F07 /* WYAHomeTableCell.m */,
			);
			path = HomeView;
			sourceTree = "<group>";
		};
		950B40EA21CA51F4002BC685 /* HomeModel */ = {
			isa = PBXGroup;
			children = (
				210C72ED21C7B05300196F07 /* WYAHomeModel.h */,
				210C72EE21C7B05300196F07 /* WYAHomeModel.m */,
			);
			path = HomeModel;
			sourceTree = "<group>";
		};
		951FC0B421A6398900E1E4FE /* Controllers */ = {
			isa = PBXGroup;
			children = (
				954CB76521A94DC30016C0F5 /* WYAOneTableViewController.h */,
				954CB76421A94DC20016C0F5 /* WYAOneTableViewController.m */,
				954CB76321A94DC20016C0F5 /* WYATwoTableViewController.h */,
				954CB76621A94DC30016C0F5 /* WYATwoTableViewController.m */,
				951FC0C721A63CC400E1E4FE /* WYAThreeTableViewController.h */,
				951FC0C821A63CC400E1E4FE /* WYAThreeTableViewController.m */,
			);
			path = Controllers;
			sourceTree = "<group>";
		};
		9528A52C21AD181000EFEF18 /* Base */ = {
			isa = PBXGroup;
			children = (
				9527A91821AD291700B10579 /* WYABaseViewController.h */,
				9527A91921AD291700B10579 /* WYABaseViewController.m */,
			);
			path = Base;
			sourceTree = "<group>";
		};
		9528A52D21AD181E00EFEF18 /* Config */ = {
			isa = PBXGroup;
			children = (
				9527A91B21AD293200B10579 /* Config.pch */,
				21DA3BC921AE8E210084FCEC /* HomeHeader.h */,
				957F649321C8DED00009C044 /* CustomColor.h */,
			);
			path = Config;
			sourceTree = "<group>";
		};
		9533A60421CA1E7E004D9F0D /* WYASegmentedControl */ = {
			isa = PBXGroup;
			children = (
				9533A60621CA1EB2004D9F0D /* WYASegmentedController.h */,
				9533A60721CA1EB2004D9F0D /* WYASegmentedController.m */,
			);
			path = WYASegmentedControl;
			sourceTree = "<group>";
		};
		9533A60521CA1E89004D9F0D /* WYAButton */ = {
			isa = PBXGroup;
			children = (
				95F0944621CA7F7E00FFC0CF /* WYAButtonViewController.h */,
				95F0944721CA7F7E00FFC0CF /* WYAButtonViewController.m */,
				2186911B21CBD38100DA6849 /* Cycling_Lambie.svg */,
				21C0EA4721CBA2AE00559A37 /* spin.svg */,
			);
			path = WYAButton;
			sourceTree = "<group>";
		};
		9559282921AE27FB00C46D6D /* RootViewController */ = {
			isa = PBXGroup;
			children = (
				950B40F121CA5258002BC685 /* RootControllerModel.h */,
				950B40F221CA5258002BC685 /* RootControllerModel.m */,
				950B40EB21CA521C002BC685 /* RootViewController.h */,
				950B40EC21CA521C002BC685 /* RootViewController.m */,
			);
			path = RootViewController;
			sourceTree = "<group>";
		};
		9559282A21AE288900C46D6D /* AppDelegate */ = {
			isa = PBXGroup;
			children = (
				6003F59C195388D20070C39A /* WYAAppDelegate.h */,
				6003F59D195388D20070C39A /* WYAAppDelegate.m */,
			);
			path = AppDelegate;
			sourceTree = "<group>";
		};
		9559282B21AE2C0900C46D6D /* WYAStepperView */ = {
			isa = PBXGroup;
			children = (
				95F0EE4021AF7721006F8AD4 /* WYAStepperController.h */,
				95F0EE4121AF7721006F8AD4 /* WYAStepperController.m */,
			);
			path = WYAStepperView;
			sourceTree = "<group>";
		};
		956BCC8321B532870044095E /* Realm */ = {
			isa = PBXGroup;
			children = (
				956BCC8421B5329C0044095E /* WYAReamlViewController.h */,
				956BCC8521B5329C0044095E /* WYAReamlViewController.m */,
				956BCC8E21B567E60044095E /* Student.h */,
				956BCC8F21B567E60044095E /* Student.m */,
				9563FEA121B7609E00DA82D7 /* WYARealmCell.h */,
				9563FEA221B7609E00DA82D7 /* WYARealmCell.m */,
				9563FEA421B760B100DA82D7 /* WYARealmHeaderView.h */,
				9563FEA521B760B100DA82D7 /* WYARealmHeaderView.m */,
				9563FEAA21B7AEEE00DA82D7 /* WYARealmSectionView.h */,
				9563FEAB21B7AEEE00DA82D7 /* WYARealmSectionView.m */,
			);
			path = Realm;
			sourceTree = "<group>";
		};
		9578497521B008DF001E19DC /* List_inputItemView */ = {
			isa = PBXGroup;
			children = (
				9578497921B0C673001E19DC /* WYAInputItemModel.h */,
				9578497A21B0C673001E19DC /* WYAInputItemModel.m */,
				9578497621B0091A001E19DC /* WYAInputItemTwoCell.h */,
				9578497721B0091A001E19DC /* WYAInputItemTwoCell.m */,
				9578497C21B0C8B8001E19DC /* WYAInputOneCell.h */,
				9578497D21B0C8B8001E19DC /* WYAInputOneCell.m */,
				9578498321B11074001E19DC /* WYAListModel.h */,
				9578498421B11074001E19DC /* WYAListModel.m */,
				9578498921B11942001E19DC /* WYAListOneCell.h */,
				9578498A21B11942001E19DC /* WYAListOneCell.m */,
				9578498C21B1194E001E19DC /* WYAListTwoCell.h */,
				9578498D21B1194E001E19DC /* WYAListTwoCell.m */,
				9578498F21B1195A001E19DC /* WYAListThreeCell.h */,
				9578499021B1195A001E19DC /* WYAListThreeCell.m */,
				9578499221B11967001E19DC /* WYAListFourCell.h */,
				9578499321B11967001E19DC /* WYAListFourCell.m */,
			);
			path = List_inputItemView;
			sourceTree = "<group>";
		};
		957F648F21C88D380009C044 /* WYANavBarUI */ = {
			isa = PBXGroup;
			children = (
				957F649021C88D930009C044 /* WYANavBarViewController.h */,
				957F649121C88D930009C044 /* WYANavBarViewController.m */,
			);
			path = WYANavBarUI;
			sourceTree = "<group>";
		};
/* End PBXGroup section */

/* Begin PBXNativeTarget section */
		6003F589195388D20070C39A /* WYAKit_Example */ = {
			isa = PBXNativeTarget;
			buildConfigurationList = 6003F5BF195388D20070C39A /* Build configuration list for PBXNativeTarget "WYAKit_Example" */;
			buildPhases = (
				D526737FC1F9D9D266EF1FE1 /* [CP] Check Pods Manifest.lock */,
				6003F586195388D20070C39A /* Sources */,
				6003F587195388D20070C39A /* Frameworks */,
				6003F588195388D20070C39A /* Resources */,
				C95B13689CACD6FD356525C8 /* [CP] Embed Pods Frameworks */,
				C1A64B81C20CD5B8D0CDDD9C /* [CP] Copy Pods Resources */,
			);
			buildRules = (
			);
			dependencies = (
			);
			name = WYAKit_Example;
			productName = WYAKit;
			productReference = 6003F58A195388D20070C39A /* WYAKit_Example.app */;
			productType = "com.apple.product-type.application";
		};
		6003F5AD195388D20070C39A /* WYAKit_Tests */ = {
			isa = PBXNativeTarget;
			buildConfigurationList = 6003F5C2195388D20070C39A /* Build configuration list for PBXNativeTarget "WYAKit_Tests" */;
			buildPhases = (
				25A36572DF8A56093E3DD01F /* [CP] Check Pods Manifest.lock */,
				6003F5AA195388D20070C39A /* Sources */,
				6003F5AB195388D20070C39A /* Frameworks */,
				6003F5AC195388D20070C39A /* Resources */,
			);
			buildRules = (
			);
			dependencies = (
				6003F5B4195388D20070C39A /* PBXTargetDependency */,
			);
			name = WYAKit_Tests;
			productName = WYAKitTests;
			productReference = 6003F5AE195388D20070C39A /* WYAKit_Tests.xctest */;
			productType = "com.apple.product-type.bundle.unit-test";
		};
/* End PBXNativeTarget section */

/* Begin PBXProject section */
		6003F582195388D10070C39A /* Project object */ = {
			isa = PBXProject;
			attributes = {
				CLASSPREFIX = WYA;
				LastUpgradeCheck = 0720;
				ORGANIZATIONNAME = WYATeam;
				TargetAttributes = {
					6003F589195388D20070C39A = {
						DevelopmentTeam = J5265ZP7QT;
						LastSwiftMigration = 1010;
					};
					6003F5AD195388D20070C39A = {
						TestTargetID = 6003F589195388D20070C39A;
					};
				};
			};
			buildConfigurationList = 6003F585195388D10070C39A /* Build configuration list for PBXProject "WYAKit" */;
			compatibilityVersion = "Xcode 3.2";
			developmentRegion = English;
			hasScannedForEncodings = 0;
			knownRegions = (
				en,
				Base,
			);
			mainGroup = 6003F581195388D10070C39A;
			productRefGroup = 6003F58B195388D20070C39A /* Products */;
			projectDirPath = "";
			projectRoot = "";
			targets = (
				6003F589195388D20070C39A /* WYAKit_Example */,
				6003F5AD195388D20070C39A /* WYAKit_Tests */,
			);
		};
/* End PBXProject section */

/* Begin PBXResourcesBuildPhase section */
		6003F588195388D20070C39A /* Resources */ = {
			isa = PBXResourcesBuildPhase;
			buildActionMask = 2147483647;
			files = (
				21C0EA4821CBA2AE00559A37 /* spin.svg in Resources */,
				21470C27219AC9D80099CB6F /* WYAIMGCodeViewController.xib in Resources */,
				71719F9F1E33DC2100824A3D /* LaunchScreen.storyboard in Resources */,
				95F0946321CBD0CA00FFC0CF /* Images.xcassets in Resources */,
				21E5A60D21B1072B007E8C5F /* WYACameraCell.xib in Resources */,
				6003F598195388D20070C39A /* InfoPlist.strings in Resources */,
				2186911C21CBD38100DA6849 /* Cycling_Lambie.svg in Resources */,
				21A8737121A542FE007F2921 /* WYAToastViewController.xib in Resources */,
				956D1E7A219D7929006A40AB /* TODO .md in Resources */,
			);
			runOnlyForDeploymentPostprocessing = 0;
		};
		6003F5AC195388D20070C39A /* Resources */ = {
			isa = PBXResourcesBuildPhase;
			buildActionMask = 2147483647;
			files = (
				6003F5BA195388D20070C39A /* InfoPlist.strings in Resources */,
			);
			runOnlyForDeploymentPostprocessing = 0;
		};
/* End PBXResourcesBuildPhase section */

/* Begin PBXShellScriptBuildPhase section */
		25A36572DF8A56093E3DD01F /* [CP] Check Pods Manifest.lock */ = {
			isa = PBXShellScriptBuildPhase;
			buildActionMask = 2147483647;
			files = (
			);
			inputPaths = (
				"${PODS_PODFILE_DIR_PATH}/Podfile.lock",
				"${PODS_ROOT}/Manifest.lock",
			);
			name = "[CP] Check Pods Manifest.lock";
			outputPaths = (
				"$(DERIVED_FILE_DIR)/Pods-WYAKit_Tests-checkManifestLockResult.txt",
			);
			runOnlyForDeploymentPostprocessing = 0;
			shellPath = /bin/sh;
			shellScript = "diff \"${PODS_PODFILE_DIR_PATH}/Podfile.lock\" \"${PODS_ROOT}/Manifest.lock\" > /dev/null\nif [ $? != 0 ] ; then\n    # print error to STDERR\n    echo \"error: The sandbox is not in sync with the Podfile.lock. Run 'pod install' or update your CocoaPods installation.\" >&2\n    exit 1\nfi\n# This output is used by Xcode 'outputs' to avoid re-running this script phase.\necho \"SUCCESS\" > \"${SCRIPT_OUTPUT_FILE_0}\"\n";
			showEnvVarsInLog = 0;
		};
		C1A64B81C20CD5B8D0CDDD9C /* [CP] Copy Pods Resources */ = {
			isa = PBXShellScriptBuildPhase;
			buildActionMask = 2147483647;
			files = (
			);
			inputFileListPaths = (
			);
			inputPaths = (
				"${PODS_ROOT}/Target Support Files/Pods-WYAKit_Example/Pods-WYAKit_Example-resources.sh",
				"${PODS_CONFIGURATION_BUILD_DIR}/WYAKit/WYAKit.bundle",
			);
			name = "[CP] Copy Pods Resources";
			outputFileListPaths = (
			);
			outputPaths = (
				"${TARGET_BUILD_DIR}/${UNLOCALIZED_RESOURCES_FOLDER_PATH}/WYAKit.bundle",
			);
			runOnlyForDeploymentPostprocessing = 0;
			shellPath = /bin/sh;
			shellScript = "\"${PODS_ROOT}/Target Support Files/Pods-WYAKit_Example/Pods-WYAKit_Example-resources.sh\"\n";
			showEnvVarsInLog = 0;
		};
		C95B13689CACD6FD356525C8 /* [CP] Embed Pods Frameworks */ = {
			isa = PBXShellScriptBuildPhase;
			buildActionMask = 2147483647;
			files = (
			);
			inputFileListPaths = (
			);
			inputPaths = (
				"${PODS_ROOT}/Target Support Files/Pods-WYAKit_Example/Pods-WYAKit_Example-frameworks.sh",
				"${BUILT_PRODUCTS_DIR}/AFNetworking/AFNetworking.framework",
				"${BUILT_PRODUCTS_DIR}/CocoaLumberjack/CocoaLumberjack.framework",
				"${BUILT_PRODUCTS_DIR}/FMDB/FMDB.framework",
				"${BUILT_PRODUCTS_DIR}/JQFMDB/JQFMDB.framework",
				"${BUILT_PRODUCTS_DIR}/MJRefresh/MJRefresh.framework",
				"${BUILT_PRODUCTS_DIR}/Masonry/Masonry.framework",
				"${BUILT_PRODUCTS_DIR}/Realm/Realm.framework",
				"${BUILT_PRODUCTS_DIR}/SDWebImage/SDWebImage.framework",
				"${BUILT_PRODUCTS_DIR}/SVGKit/SVGKit.framework",
				"${BUILT_PRODUCTS_DIR}/YYImage/YYImage.framework",
				"${BUILT_PRODUCTS_DIR}/YYText/YYText.framework",
			);
			name = "[CP] Embed Pods Frameworks";
			outputFileListPaths = (
			);
			outputPaths = (
				"${TARGET_BUILD_DIR}/${FRAMEWORKS_FOLDER_PATH}/AFNetworking.framework",
				"${TARGET_BUILD_DIR}/${FRAMEWORKS_FOLDER_PATH}/CocoaLumberjack.framework",
				"${TARGET_BUILD_DIR}/${FRAMEWORKS_FOLDER_PATH}/FMDB.framework",
				"${TARGET_BUILD_DIR}/${FRAMEWORKS_FOLDER_PATH}/JQFMDB.framework",
				"${TARGET_BUILD_DIR}/${FRAMEWORKS_FOLDER_PATH}/MJRefresh.framework",
				"${TARGET_BUILD_DIR}/${FRAMEWORKS_FOLDER_PATH}/Masonry.framework",
				"${TARGET_BUILD_DIR}/${FRAMEWORKS_FOLDER_PATH}/Realm.framework",
				"${TARGET_BUILD_DIR}/${FRAMEWORKS_FOLDER_PATH}/SDWebImage.framework",
				"${TARGET_BUILD_DIR}/${FRAMEWORKS_FOLDER_PATH}/SVGKit.framework",
				"${TARGET_BUILD_DIR}/${FRAMEWORKS_FOLDER_PATH}/YYImage.framework",
				"${TARGET_BUILD_DIR}/${FRAMEWORKS_FOLDER_PATH}/YYText.framework",
			);
			runOnlyForDeploymentPostprocessing = 0;
			shellPath = /bin/sh;
			shellScript = "\"${PODS_ROOT}/Target Support Files/Pods-WYAKit_Example/Pods-WYAKit_Example-frameworks.sh\"\n";
			showEnvVarsInLog = 0;
		};
		D526737FC1F9D9D266EF1FE1 /* [CP] Check Pods Manifest.lock */ = {
			isa = PBXShellScriptBuildPhase;
			buildActionMask = 2147483647;
			files = (
			);
			inputPaths = (
				"${PODS_PODFILE_DIR_PATH}/Podfile.lock",
				"${PODS_ROOT}/Manifest.lock",
			);
			name = "[CP] Check Pods Manifest.lock";
			outputPaths = (
				"$(DERIVED_FILE_DIR)/Pods-WYAKit_Example-checkManifestLockResult.txt",
			);
			runOnlyForDeploymentPostprocessing = 0;
			shellPath = /bin/sh;
			shellScript = "diff \"${PODS_PODFILE_DIR_PATH}/Podfile.lock\" \"${PODS_ROOT}/Manifest.lock\" > /dev/null\nif [ $? != 0 ] ; then\n    # print error to STDERR\n    echo \"error: The sandbox is not in sync with the Podfile.lock. Run 'pod install' or update your CocoaPods installation.\" >&2\n    exit 1\nfi\n# This output is used by Xcode 'outputs' to avoid re-running this script phase.\necho \"SUCCESS\" > \"${SCRIPT_OUTPUT_FILE_0}\"\n";
			showEnvVarsInLog = 0;
		};
/* End PBXShellScriptBuildPhase section */

/* Begin PBXSourcesBuildPhase section */
		6003F586195388D20070C39A /* Sources */ = {
			isa = PBXSourcesBuildPhase;
			buildActionMask = 2147483647;
			files = (
				210E9F5021A6876900BFE994 /* WYAPickerViewController.m in Sources */,
				21A8731921A3956B007F2921 /* WYAPaginationViewController.m in Sources */,
				954CB76721A94DC30016C0F5 /* WYAOneTableViewController.m in Sources */,
				95F0944E21CB79DB00FFC0CF /* WYAMineViewController.m in Sources */,
				9578497021AFDD9A001E19DC /* WYAInputItemCellController.m in Sources */,
				21A6C48121C0AA6C006DA6D1 /* WYADownloadCompleteCell.m in Sources */,
				956BCC9021B567E60044095E /* Student.m in Sources */,
				21470C8C219BB2370099CB6F /* WYAUIAlertViewController.m in Sources */,
				9578497B21B0C673001E19DC /* WYAInputItemModel.m in Sources */,
				95F0944B21CB6DCF00FFC0CF /* WYAPopVerReadMeViewController.m in Sources */,
				21E5A60C21B1072B007E8C5F /* WYACameraCell.m in Sources */,
				951FC0B321A559A900E1E4FE /* WYACustomPageController.m in Sources */,
				9533A60821CA1EB2004D9F0D /* WYASegmentedController.m in Sources */,
				6003F59E195388D20070C39A /* WYAAppDelegate.m in Sources */,
				950B40F321CA5258002BC685 /* RootControllerModel.m in Sources */,
				9563FEAC21B7AEEE00DA82D7 /* WYARealmSectionView.m in Sources */,
				954CB76821A94DC30016C0F5 /* WYATwoTableViewController.m in Sources */,
				9563FEA621B760B100DA82D7 /* WYARealmHeaderView.m in Sources */,
				2138D0CE21CA139C00B6C3AF /* WYASearchBarViewController.m in Sources */,
				210E9F7D21AD406600BFE994 /* WYACellTableViewController.m in Sources */,
				9578498B21B11942001E19DC /* WYAListOneCell.m in Sources */,
				950B40ED21CA521C002BC685 /* RootViewController.m in Sources */,
				95F0EE4221AF7721006F8AD4 /* WYAStepperController.m in Sources */,
				210E9F8A21AD790A00BFE994 /* WYAImageBrowserViewController.m in Sources */,
				21470BFD219ABE9F0099CB6F /* WYATextViewController.m in Sources */,
				21A8735221A3E1F0007F2921 /* WYASliderViewController.m in Sources */,
				210C72FC21C7D81E00196F07 /* WYADrawserLeftViewController.m in Sources */,
				21470C03219ABF180099CB6F /* WYAToastViewController.m in Sources */,
				951FC0B021A558CA00E1E4FE /* WYAPageViewController.m in Sources */,
				95F0944821CA7F7F00FFC0CF /* WYAButtonViewController.m in Sources */,
				9578498E21B1194E001E19DC /* WYAListTwoCell.m in Sources */,
				21A6C43521BE39F5006DA6D1 /* WYADownloadCell.m in Sources */,
				956BCC8621B5329C0044095E /* WYAReamlViewController.m in Sources */,
				21470C00219ABF090099CB6F /* WYAProgressViewController.m in Sources */,
				21470C1B219ABF960099CB6F /* WYADownloaderViewController.m in Sources */,
				21A8732221A3A67C007F2921 /* WYAChooseMenuViewController.m in Sources */,
				957F649221C88D930009C044 /* WYANavBarViewController.m in Sources */,
				9578498521B11074001E19DC /* WYAListModel.m in Sources */,
				21470CAC219E94630099CB6F /* WYATestViewController.m in Sources */,
				210C72F221C7C5F100196F07 /* WYAHomeHeaderView.m in Sources */,
				957F649621C8EEDF0009C044 /* WYAListViewController.m in Sources */,
				2138D0C921C9E2B100B6C3AF /* WYACardViewController.m in Sources */,
				9527A91E21AD711B00B10579 /* WYAShowNavController.m in Sources */,
				6003F59A195388D20070C39A /* main.m in Sources */,
				950B40E421CA3AAE002BC685 /* WYAGridViewController.m in Sources */,
				954CB76B21A94DD50016C0F5 /* WYATablePageController.m in Sources */,
				210E9F6821ABEB5300BFE994 /* WYAHomeViewController.m in Sources */,
				9578497E21B0C8B8001E19DC /* WYAInputOneCell.m in Sources */,
				9578499121B1195A001E19DC /* WYAListThreeCell.m in Sources */,
				9559283421AE82D400C46D6D /* WYAGridItemCell.m in Sources */,
				9563FEA321B7609E00DA82D7 /* WYARealmCell.m in Sources */,
				210C72F521C7CCBA00196F07 /* WYAHomeTableCell.m in Sources */,
				951FC0C921A63CC400E1E4FE /* WYAThreeTableViewController.m in Sources */,
				21470C06219ABF270099CB6F /* WYAShareViewController.m in Sources */,
				210C72EF21C7B05300196F07 /* WYAHomeModel.m in Sources */,
				9527A91A21AD291700B10579 /* WYABaseViewController.m in Sources */,
				9578497821B0091A001E19DC /* WYAInputItemTwoCell.m in Sources */,
				21470C12219ABF640099CB6F /* WYABannerViewController.m in Sources */,
				21470C0F219ABF570099CB6F /* WYAIMGCodeViewController.m in Sources */,
				9578499421B11967001E19DC /* WYAListFourCell.m in Sources */,
				210C72FF21C7DF6500196F07 /* WYAPopCell.m in Sources */,
				21DA3BC821AE6FE10084FCEC /* WYABannerHeaderView.m in Sources */,
				210C72F921C7D80A00196F07 /* WYADrawserCenterViewController.m in Sources */,
				21470CA9219E93D30099CB6F /* WYAPopViewController.m in Sources */,
				21470C21219ABFB10099CB6F /* WYAVideoPlayerViewController.m in Sources */,
				21A8735F21A4F502007F2921 /* WYANoticeViewController.m in Sources */,
				210E9F6521A93D2300BFE994 /* WYACameraVC.m in Sources */,
				950B40F621CA7B52002BC685 /* WYAReadMeViewController.m in Sources */,
			);
			runOnlyForDeploymentPostprocessing = 0;
		};
		6003F5AA195388D20070C39A /* Sources */ = {
			isa = PBXSourcesBuildPhase;
			buildActionMask = 2147483647;
			files = (
				6003F5BC195388D20070C39A /* Tests.m in Sources */,
			);
			runOnlyForDeploymentPostprocessing = 0;
		};
/* End PBXSourcesBuildPhase section */

/* Begin PBXTargetDependency section */
		6003F5B4195388D20070C39A /* PBXTargetDependency */ = {
			isa = PBXTargetDependency;
			target = 6003F589195388D20070C39A /* WYAKit_Example */;
			targetProxy = 6003F5B3195388D20070C39A /* PBXContainerItemProxy */;
		};
/* End PBXTargetDependency section */

/* Begin PBXVariantGroup section */
		6003F596195388D20070C39A /* InfoPlist.strings */ = {
			isa = PBXVariantGroup;
			children = (
				6003F597195388D20070C39A /* en */,
			);
			name = InfoPlist.strings;
			sourceTree = "<group>";
		};
		6003F5B8195388D20070C39A /* InfoPlist.strings */ = {
			isa = PBXVariantGroup;
			children = (
				6003F5B9195388D20070C39A /* en */,
			);
			name = InfoPlist.strings;
			sourceTree = "<group>";
		};
		71719F9D1E33DC2100824A3D /* LaunchScreen.storyboard */ = {
			isa = PBXVariantGroup;
			children = (
				71719F9E1E33DC2100824A3D /* Base */,
			);
			name = LaunchScreen.storyboard;
			sourceTree = "<group>";
		};
/* End PBXVariantGroup section */

/* Begin XCBuildConfiguration section */
		6003F5BD195388D20070C39A /* Debug */ = {
			isa = XCBuildConfiguration;
			buildSettings = {
				ALWAYS_SEARCH_USER_PATHS = NO;
				CLANG_CXX_LANGUAGE_STANDARD = "gnu++0x";
				CLANG_CXX_LIBRARY = "libc++";
				CLANG_ENABLE_MODULES = YES;
				CLANG_ENABLE_OBJC_ARC = YES;
				CLANG_WARN_BOOL_CONVERSION = YES;
				CLANG_WARN_CONSTANT_CONVERSION = YES;
				CLANG_WARN_DIRECT_OBJC_ISA_USAGE = YES_ERROR;
				CLANG_WARN_EMPTY_BODY = YES;
				CLANG_WARN_ENUM_CONVERSION = YES;
				CLANG_WARN_INT_CONVERSION = YES;
				CLANG_WARN_OBJC_ROOT_CLASS = YES_ERROR;
				CLANG_WARN__DUPLICATE_METHOD_MATCH = YES;
				"CODE_SIGN_IDENTITY[sdk=iphoneos*]" = "iPhone Developer";
				COPY_PHASE_STRIP = NO;
				ENABLE_TESTABILITY = YES;
				GCC_C_LANGUAGE_STANDARD = gnu99;
				GCC_DYNAMIC_NO_PIC = NO;
				GCC_OPTIMIZATION_LEVEL = 0;
				GCC_PREPROCESSOR_DEFINITIONS = (
					"DEBUG=1",
					"$(inherited)",
				);
				GCC_SYMBOLS_PRIVATE_EXTERN = NO;
				GCC_WARN_64_TO_32_BIT_CONVERSION = YES;
				GCC_WARN_ABOUT_RETURN_TYPE = YES_ERROR;
				GCC_WARN_UNDECLARED_SELECTOR = YES;
				GCC_WARN_UNINITIALIZED_AUTOS = YES_AGGRESSIVE;
				GCC_WARN_UNUSED_FUNCTION = YES;
				GCC_WARN_UNUSED_VARIABLE = YES;
				IPHONEOS_DEPLOYMENT_TARGET = 9.3;
				ONLY_ACTIVE_ARCH = YES;
				SDKROOT = iphoneos;
				TARGETED_DEVICE_FAMILY = "1,2";
			};
			name = Debug;
		};
		6003F5BE195388D20070C39A /* Release */ = {
			isa = XCBuildConfiguration;
			buildSettings = {
				ALWAYS_SEARCH_USER_PATHS = NO;
				CLANG_CXX_LANGUAGE_STANDARD = "gnu++0x";
				CLANG_CXX_LIBRARY = "libc++";
				CLANG_ENABLE_MODULES = YES;
				CLANG_ENABLE_OBJC_ARC = YES;
				CLANG_WARN_BOOL_CONVERSION = YES;
				CLANG_WARN_CONSTANT_CONVERSION = YES;
				CLANG_WARN_DIRECT_OBJC_ISA_USAGE = YES_ERROR;
				CLANG_WARN_EMPTY_BODY = YES;
				CLANG_WARN_ENUM_CONVERSION = YES;
				CLANG_WARN_INT_CONVERSION = YES;
				CLANG_WARN_OBJC_ROOT_CLASS = YES_ERROR;
				CLANG_WARN__DUPLICATE_METHOD_MATCH = YES;
				"CODE_SIGN_IDENTITY[sdk=iphoneos*]" = "iPhone Developer";
				COPY_PHASE_STRIP = YES;
				ENABLE_NS_ASSERTIONS = NO;
				GCC_C_LANGUAGE_STANDARD = gnu99;
				GCC_WARN_64_TO_32_BIT_CONVERSION = YES;
				GCC_WARN_ABOUT_RETURN_TYPE = YES_ERROR;
				GCC_WARN_UNDECLARED_SELECTOR = YES;
				GCC_WARN_UNINITIALIZED_AUTOS = YES_AGGRESSIVE;
				GCC_WARN_UNUSED_FUNCTION = YES;
				GCC_WARN_UNUSED_VARIABLE = YES;
				IPHONEOS_DEPLOYMENT_TARGET = 9.3;
				SDKROOT = iphoneos;
				TARGETED_DEVICE_FAMILY = "1,2";
				VALIDATE_PRODUCT = YES;
			};
			name = Release;
		};
		6003F5C0195388D20070C39A /* Debug */ = {
			isa = XCBuildConfiguration;
			baseConfigurationReference = C1DE651882EDC196658DAD96 /* Pods-WYAKit_Example.debug.xcconfig */;
			buildSettings = {
				ASSETCATALOG_COMPILER_APPICON_NAME = AppIcon;
				CLANG_ENABLE_MODULES = YES;
				DEVELOPMENT_TEAM = J5265ZP7QT;
				GCC_PRECOMPILE_PREFIX_HEADER = YES;
				GCC_PREFIX_HEADER = "$(SRCROOT)/WYAKit/Config/Config.pch";
				INFOPLIST_FILE = "WYAKit/WYAKit-Info.plist";
				IPHONEOS_DEPLOYMENT_TARGET = 8.0;
				LD_RUNPATH_SEARCH_PATHS = "$(inherited) @executable_path/Frameworks";
				MODULE_NAME = ExampleApp;
				PRODUCT_BUNDLE_IDENTIFIER = "org.cocoapods.demo.${PRODUCT_NAME:rfc1034identifier}";
				PRODUCT_NAME = "$(TARGET_NAME)";
				SWIFT_OBJC_BRIDGING_HEADER = "WYAKit/Swift/WYAKit_Example-Bridging-Header.h";
				SWIFT_OPTIMIZATION_LEVEL = "-Onone";
				SWIFT_VERSION = 4.2;
				TARGETED_DEVICE_FAMILY = 1;
				WRAPPER_EXTENSION = app;
			};
			name = Debug;
		};
		6003F5C1195388D20070C39A /* Release */ = {
			isa = XCBuildConfiguration;
			baseConfigurationReference = 801C2E365940271D211968FE /* Pods-WYAKit_Example.release.xcconfig */;
			buildSettings = {
				ASSETCATALOG_COMPILER_APPICON_NAME = AppIcon;
				CLANG_ENABLE_MODULES = YES;
				DEVELOPMENT_TEAM = J5265ZP7QT;
				GCC_PRECOMPILE_PREFIX_HEADER = YES;
				GCC_PREFIX_HEADER = "$(SRCROOT)/WYAKit/Config/Config.pch";
				INFOPLIST_FILE = "WYAKit/WYAKit-Info.plist";
				IPHONEOS_DEPLOYMENT_TARGET = 8.0;
				LD_RUNPATH_SEARCH_PATHS = "$(inherited) @executable_path/Frameworks";
				MODULE_NAME = ExampleApp;
				PRODUCT_BUNDLE_IDENTIFIER = "org.cocoapods.demo.${PRODUCT_NAME:rfc1034identifier}";
				PRODUCT_NAME = "$(TARGET_NAME)";
				SWIFT_OBJC_BRIDGING_HEADER = "WYAKit/Swift/WYAKit_Example-Bridging-Header.h";
				SWIFT_VERSION = 4.2;
				TARGETED_DEVICE_FAMILY = 1;
				WRAPPER_EXTENSION = app;
			};
			name = Release;
		};
		6003F5C3195388D20070C39A /* Debug */ = {
			isa = XCBuildConfiguration;
			baseConfigurationReference = 83F2399E7D27BA1829D1D461 /* Pods-WYAKit_Tests.debug.xcconfig */;
			buildSettings = {
				BUNDLE_LOADER = "$(TEST_HOST)";
				FRAMEWORK_SEARCH_PATHS = (
					"$(SDKROOT)/Developer/Library/Frameworks",
					"$(inherited)",
					"$(DEVELOPER_FRAMEWORKS_DIR)",
				);
				GCC_PRECOMPILE_PREFIX_HEADER = YES;
				GCC_PREFIX_HEADER = "Tests/Tests-Prefix.pch";
				GCC_PREPROCESSOR_DEFINITIONS = (
					"DEBUG=1",
					"$(inherited)",
				);
				INFOPLIST_FILE = "Tests/Tests-Info.plist";
				PRODUCT_BUNDLE_IDENTIFIER = "org.cocoapods.demo.${PRODUCT_NAME:rfc1034identifier}";
				PRODUCT_NAME = "$(TARGET_NAME)";
				TEST_HOST = "$(BUILT_PRODUCTS_DIR)/WYAKit_Example.app/WYAKit_Example";
				WRAPPER_EXTENSION = xctest;
			};
			name = Debug;
		};
		6003F5C4195388D20070C39A /* Release */ = {
			isa = XCBuildConfiguration;
			baseConfigurationReference = 488F603DD58B4E549F4FA9E2 /* Pods-WYAKit_Tests.release.xcconfig */;
			buildSettings = {
				BUNDLE_LOADER = "$(TEST_HOST)";
				FRAMEWORK_SEARCH_PATHS = (
					"$(SDKROOT)/Developer/Library/Frameworks",
					"$(inherited)",
					"$(DEVELOPER_FRAMEWORKS_DIR)",
				);
				GCC_PRECOMPILE_PREFIX_HEADER = YES;
				GCC_PREFIX_HEADER = "Tests/Tests-Prefix.pch";
				INFOPLIST_FILE = "Tests/Tests-Info.plist";
				PRODUCT_BUNDLE_IDENTIFIER = "org.cocoapods.demo.${PRODUCT_NAME:rfc1034identifier}";
				PRODUCT_NAME = "$(TARGET_NAME)";
				TEST_HOST = "$(BUILT_PRODUCTS_DIR)/WYAKit_Example.app/WYAKit_Example";
				WRAPPER_EXTENSION = xctest;
			};
			name = Release;
		};
/* End XCBuildConfiguration section */

/* Begin XCConfigurationList section */
		6003F585195388D10070C39A /* Build configuration list for PBXProject "WYAKit" */ = {
			isa = XCConfigurationList;
			buildConfigurations = (
				6003F5BD195388D20070C39A /* Debug */,
				6003F5BE195388D20070C39A /* Release */,
			);
			defaultConfigurationIsVisible = 0;
			defaultConfigurationName = Release;
		};
		6003F5BF195388D20070C39A /* Build configuration list for PBXNativeTarget "WYAKit_Example" */ = {
			isa = XCConfigurationList;
			buildConfigurations = (
				6003F5C0195388D20070C39A /* Debug */,
				6003F5C1195388D20070C39A /* Release */,
			);
			defaultConfigurationIsVisible = 0;
			defaultConfigurationName = Release;
		};
		6003F5C2195388D20070C39A /* Build configuration list for PBXNativeTarget "WYAKit_Tests" */ = {
			isa = XCConfigurationList;
			buildConfigurations = (
				6003F5C3195388D20070C39A /* Debug */,
				6003F5C4195388D20070C39A /* Release */,
			);
			defaultConfigurationIsVisible = 0;
			defaultConfigurationName = Release;
		};
/* End XCConfigurationList section */
	};
	rootObject = 6003F582195388D10070C39A /* Project object */;
}
