// !$*UTF8*$!
{
	archiveVersion = 1;
	classes = {
	};
	objectVersion = 46;
	objects = {

/* Begin PBXBuildFile section */
		21470BFD219ABE9F0099CB6F /* WYATextViewController.m in Sources */ = {isa = PBXBuildFile; fileRef = 21470BFC219ABE9F0099CB6F /* WYATextViewController.m */; };
		21470C00219ABF090099CB6F /* WYAProgressViewController.m in Sources */ = {isa = PBXBuildFile; fileRef = 21470BFF219ABF090099CB6F /* WYAProgressViewController.m */; };
		21470C03219ABF180099CB6F /* WYAToastViewController.m in Sources */ = {isa = PBXBuildFile; fileRef = 21470C02219ABF180099CB6F /* WYAToastViewController.m */; };
		21470C06219ABF270099CB6F /* WYAShareViewController.m in Sources */ = {isa = PBXBuildFile; fileRef = 21470C05219ABF270099CB6F /* WYAShareViewController.m */; };
		21470C09219ABF380099CB6F /* WYAUIPickerViewViewController.m in Sources */ = {isa = PBXBuildFile; fileRef = 21470C08219ABF380099CB6F /* WYAUIPickerViewViewController.m */; };
		21470C0C219ABF4A0099CB6F /* WYAPageViewController.m in Sources */ = {isa = PBXBuildFile; fileRef = 21470C0B219ABF4A0099CB6F /* WYAPageViewController.m */; };
		21470C0F219ABF570099CB6F /* WYAIMGCodeViewController.m in Sources */ = {isa = PBXBuildFile; fileRef = 21470C0E219ABF570099CB6F /* WYAIMGCodeViewController.m */; };
		21470C12219ABF640099CB6F /* WYABannerViewController.m in Sources */ = {isa = PBXBuildFile; fileRef = 21470C11219ABF640099CB6F /* WYABannerViewController.m */; };
		21470C1B219ABF960099CB6F /* WYADownloaderViewController.m in Sources */ = {isa = PBXBuildFile; fileRef = 21470C1A219ABF960099CB6F /* WYADownloaderViewController.m */; };
		21470C1E219ABFA10099CB6F /* WYACameraViewControllerO.m in Sources */ = {isa = PBXBuildFile; fileRef = 21470C1D219ABFA10099CB6F /* WYACameraViewControllerO.m */; };
		21470C21219ABFB10099CB6F /* WYAVideoPlayerViewController.m in Sources */ = {isa = PBXBuildFile; fileRef = 21470C20219ABFB10099CB6F /* WYAVideoPlayerViewController.m */; };
		21470C27219AC9D80099CB6F /* WYAIMGCodeViewController.xib in Resources */ = {isa = PBXBuildFile; fileRef = 21470C26219AC9D80099CB6F /* WYAIMGCodeViewController.xib */; };
		21470C8C219BB2370099CB6F /* WYAUIAlertViewController.m in Sources */ = {isa = PBXBuildFile; fileRef = 21470C8A219BB2370099CB6F /* WYAUIAlertViewController.m */; };
		21470C8D219BB2370099CB6F /* WYAUIAlertViewController.xib in Resources */ = {isa = PBXBuildFile; fileRef = 21470C8B219BB2370099CB6F /* WYAUIAlertViewController.xib */; };
		21470CA9219E93D30099CB6F /* WYAPopViewController.m in Sources */ = {isa = PBXBuildFile; fileRef = 21470CA8219E93D30099CB6F /* WYAPopViewController.m */; };
		21470CAC219E94630099CB6F /* WYATestViewController.m in Sources */ = {isa = PBXBuildFile; fileRef = 21470CAB219E94630099CB6F /* WYATestViewController.m */; };
		21470CB8219EBABF0099CB6F /* WYALeftViewController.m in Sources */ = {isa = PBXBuildFile; fileRef = 21470CB7219EBABF0099CB6F /* WYALeftViewController.m */; };
		21470CBB219EBACD0099CB6F /* WYACenterViewController.m in Sources */ = {isa = PBXBuildFile; fileRef = 21470CBA219EBACD0099CB6F /* WYACenterViewController.m */; };
		21470CBE219EBAD80099CB6F /* WYARightViewController.m in Sources */ = {isa = PBXBuildFile; fileRef = 21470CBD219EBAD80099CB6F /* WYARightViewController.m */; };
		21A8730E21A2455D007F2921 /* AntDesiginMobile 1.0.sketch in Resources */ = {isa = PBXBuildFile; fileRef = 21A8730D21A2455D007F2921 /* AntDesiginMobile 1.0.sketch */; };
		21A8731021A24568007F2921 /* AntDesiginMobile 1.0.pdf in Resources */ = {isa = PBXBuildFile; fileRef = 21A8730F21A24568007F2921 /* AntDesiginMobile 1.0.pdf */; };
		6003F58E195388D20070C39A /* Foundation.framework in Frameworks */ = {isa = PBXBuildFile; fileRef = 6003F58D195388D20070C39A /* Foundation.framework */; };
		6003F590195388D20070C39A /* CoreGraphics.framework in Frameworks */ = {isa = PBXBuildFile; fileRef = 6003F58F195388D20070C39A /* CoreGraphics.framework */; };
		6003F592195388D20070C39A /* UIKit.framework in Frameworks */ = {isa = PBXBuildFile; fileRef = 6003F591195388D20070C39A /* UIKit.framework */; };
		6003F598195388D20070C39A /* InfoPlist.strings in Resources */ = {isa = PBXBuildFile; fileRef = 6003F596195388D20070C39A /* InfoPlist.strings */; };
		6003F59A195388D20070C39A /* main.m in Sources */ = {isa = PBXBuildFile; fileRef = 6003F599195388D20070C39A /* main.m */; };
		6003F59E195388D20070C39A /* WYAAppDelegate.m in Sources */ = {isa = PBXBuildFile; fileRef = 6003F59D195388D20070C39A /* WYAAppDelegate.m */; };
		6003F5A7195388D20070C39A /* WYAViewController.m in Sources */ = {isa = PBXBuildFile; fileRef = 6003F5A6195388D20070C39A /* WYAViewController.m */; };
		6003F5A9195388D20070C39A /* Images.xcassets in Resources */ = {isa = PBXBuildFile; fileRef = 6003F5A8195388D20070C39A /* Images.xcassets */; };
		6003F5B0195388D20070C39A /* XCTest.framework in Frameworks */ = {isa = PBXBuildFile; fileRef = 6003F5AF195388D20070C39A /* XCTest.framework */; };
		6003F5B1195388D20070C39A /* Foundation.framework in Frameworks */ = {isa = PBXBuildFile; fileRef = 6003F58D195388D20070C39A /* Foundation.framework */; };
		6003F5B2195388D20070C39A /* UIKit.framework in Frameworks */ = {isa = PBXBuildFile; fileRef = 6003F591195388D20070C39A /* UIKit.framework */; };
		6003F5BA195388D20070C39A /* InfoPlist.strings in Resources */ = {isa = PBXBuildFile; fileRef = 6003F5B8195388D20070C39A /* InfoPlist.strings */; };
		6003F5BC195388D20070C39A /* Tests.m in Sources */ = {isa = PBXBuildFile; fileRef = 6003F5BB195388D20070C39A /* Tests.m */; };
		71719F9F1E33DC2100824A3D /* LaunchScreen.storyboard in Resources */ = {isa = PBXBuildFile; fileRef = 71719F9D1E33DC2100824A3D /* LaunchScreen.storyboard */; };
		7E91C43C6FD8CC0E458A5255 /* Pods_WYAKit_Tests.framework in Frameworks */ = {isa = PBXBuildFile; fileRef = F60F6FE250AF5CA1776BC059 /* Pods_WYAKit_Tests.framework */; };
		873B8AEB1B1F5CCA007FD442 /* Main.storyboard in Resources */ = {isa = PBXBuildFile; fileRef = 873B8AEA1B1F5CCA007FD442 /* Main.storyboard */; };
		917A49808D1DD8B518EB389F /* Pods_WYAKit_Example.framework in Frameworks */ = {isa = PBXBuildFile; fileRef = 0B138027D323AEC294D6B793 /* Pods_WYAKit_Example.framework */; };
		956D1E7A219D7929006A40AB /* TODO .md in Resources */ = {isa = PBXBuildFile; fileRef = 956D1E79219D7929006A40AB /* TODO .md */; };
		95C86870219A8380001036EB /* WYATableViewController.m in Sources */ = {isa = PBXBuildFile; fileRef = 95C8686E219A8380001036EB /* WYATableViewController.m */; };
/* End PBXBuildFile section */

/* Begin PBXContainerItemProxy section */
		6003F5B3195388D20070C39A /* PBXContainerItemProxy */ = {
			isa = PBXContainerItemProxy;
			containerPortal = 6003F582195388D10070C39A /* Project object */;
			proxyType = 1;
			remoteGlobalIDString = 6003F589195388D20070C39A;
			remoteInfo = WYAKit;
		};
/* End PBXContainerItemProxy section */

/* Begin PBXFileReference section */
		04D1ACF52C5DE7EAAB1AC8A3 /* WYAKit.podspec */ = {isa = PBXFileReference; includeInIndex = 1; lastKnownFileType = text; name = WYAKit.podspec; path = ../WYAKit.podspec; sourceTree = "<group>"; xcLanguageSpecificationIdentifier = xcode.lang.ruby; };
		0B138027D323AEC294D6B793 /* Pods_WYAKit_Example.framework */ = {isa = PBXFileReference; explicitFileType = wrapper.framework; includeInIndex = 0; path = Pods_WYAKit_Example.framework; sourceTree = BUILT_PRODUCTS_DIR; };
		21470BFB219ABE9E0099CB6F /* WYATextViewController.h */ = {isa = PBXFileReference; fileEncoding = 4; lastKnownFileType = sourcecode.c.h; path = WYATextViewController.h; sourceTree = "<group>"; };
		21470BFC219ABE9F0099CB6F /* WYATextViewController.m */ = {isa = PBXFileReference; fileEncoding = 4; lastKnownFileType = sourcecode.c.objc; path = WYATextViewController.m; sourceTree = "<group>"; };
		21470BFE219ABF090099CB6F /* WYAProgressViewController.h */ = {isa = PBXFileReference; lastKnownFileType = sourcecode.c.h; path = WYAProgressViewController.h; sourceTree = "<group>"; };
		21470BFF219ABF090099CB6F /* WYAProgressViewController.m */ = {isa = PBXFileReference; lastKnownFileType = sourcecode.c.objc; path = WYAProgressViewController.m; sourceTree = "<group>"; };
		21470C01219ABF180099CB6F /* WYAToastViewController.h */ = {isa = PBXFileReference; lastKnownFileType = sourcecode.c.h; path = WYAToastViewController.h; sourceTree = "<group>"; };
		21470C02219ABF180099CB6F /* WYAToastViewController.m */ = {isa = PBXFileReference; lastKnownFileType = sourcecode.c.objc; path = WYAToastViewController.m; sourceTree = "<group>"; };
		21470C04219ABF270099CB6F /* WYAShareViewController.h */ = {isa = PBXFileReference; lastKnownFileType = sourcecode.c.h; path = WYAShareViewController.h; sourceTree = "<group>"; };
		21470C05219ABF270099CB6F /* WYAShareViewController.m */ = {isa = PBXFileReference; lastKnownFileType = sourcecode.c.objc; path = WYAShareViewController.m; sourceTree = "<group>"; };
		21470C07219ABF380099CB6F /* WYAUIPickerViewViewController.h */ = {isa = PBXFileReference; lastKnownFileType = sourcecode.c.h; path = WYAUIPickerViewViewController.h; sourceTree = "<group>"; };
		21470C08219ABF380099CB6F /* WYAUIPickerViewViewController.m */ = {isa = PBXFileReference; lastKnownFileType = sourcecode.c.objc; path = WYAUIPickerViewViewController.m; sourceTree = "<group>"; };
		21470C0A219ABF4A0099CB6F /* WYAPageViewController.h */ = {isa = PBXFileReference; lastKnownFileType = sourcecode.c.h; path = WYAPageViewController.h; sourceTree = "<group>"; };
		21470C0B219ABF4A0099CB6F /* WYAPageViewController.m */ = {isa = PBXFileReference; lastKnownFileType = sourcecode.c.objc; path = WYAPageViewController.m; sourceTree = "<group>"; };
		21470C0D219ABF570099CB6F /* WYAIMGCodeViewController.h */ = {isa = PBXFileReference; lastKnownFileType = sourcecode.c.h; path = WYAIMGCodeViewController.h; sourceTree = "<group>"; };
		21470C0E219ABF570099CB6F /* WYAIMGCodeViewController.m */ = {isa = PBXFileReference; lastKnownFileType = sourcecode.c.objc; path = WYAIMGCodeViewController.m; sourceTree = "<group>"; };
		21470C10219ABF640099CB6F /* WYABannerViewController.h */ = {isa = PBXFileReference; lastKnownFileType = sourcecode.c.h; path = WYABannerViewController.h; sourceTree = "<group>"; };
		21470C11219ABF640099CB6F /* WYABannerViewController.m */ = {isa = PBXFileReference; lastKnownFileType = sourcecode.c.objc; path = WYABannerViewController.m; sourceTree = "<group>"; };
		21470C19219ABF960099CB6F /* WYADownloaderViewController.h */ = {isa = PBXFileReference; lastKnownFileType = sourcecode.c.h; path = WYADownloaderViewController.h; sourceTree = "<group>"; };
		21470C1A219ABF960099CB6F /* WYADownloaderViewController.m */ = {isa = PBXFileReference; lastKnownFileType = sourcecode.c.objc; path = WYADownloaderViewController.m; sourceTree = "<group>"; };
		21470C1C219ABFA10099CB6F /* WYACameraViewControllerO.h */ = {isa = PBXFileReference; lastKnownFileType = sourcecode.c.h; path = WYACameraViewControllerO.h; sourceTree = "<group>"; };
		21470C1D219ABFA10099CB6F /* WYACameraViewControllerO.m */ = {isa = PBXFileReference; lastKnownFileType = sourcecode.c.objc; path = WYACameraViewControllerO.m; sourceTree = "<group>"; };
		21470C1F219ABFB10099CB6F /* WYAVideoPlayerViewController.h */ = {isa = PBXFileReference; lastKnownFileType = sourcecode.c.h; path = WYAVideoPlayerViewController.h; sourceTree = "<group>"; };
		21470C20219ABFB10099CB6F /* WYAVideoPlayerViewController.m */ = {isa = PBXFileReference; lastKnownFileType = sourcecode.c.objc; path = WYAVideoPlayerViewController.m; sourceTree = "<group>"; };
		21470C26219AC9D80099CB6F /* WYAIMGCodeViewController.xib */ = {isa = PBXFileReference; lastKnownFileType = file.xib; path = WYAIMGCodeViewController.xib; sourceTree = "<group>"; };
		21470C89219BB2370099CB6F /* WYAUIAlertViewController.h */ = {isa = PBXFileReference; lastKnownFileType = sourcecode.c.h; path = WYAUIAlertViewController.h; sourceTree = "<group>"; };
		21470C8A219BB2370099CB6F /* WYAUIAlertViewController.m */ = {isa = PBXFileReference; lastKnownFileType = sourcecode.c.objc; path = WYAUIAlertViewController.m; sourceTree = "<group>"; };
		21470C8B219BB2370099CB6F /* WYAUIAlertViewController.xib */ = {isa = PBXFileReference; lastKnownFileType = file.xib; path = WYAUIAlertViewController.xib; sourceTree = "<group>"; };
		21470CA7219E93D30099CB6F /* WYAPopViewController.h */ = {isa = PBXFileReference; lastKnownFileType = sourcecode.c.h; path = WYAPopViewController.h; sourceTree = "<group>"; };
		21470CA8219E93D30099CB6F /* WYAPopViewController.m */ = {isa = PBXFileReference; lastKnownFileType = sourcecode.c.objc; path = WYAPopViewController.m; sourceTree = "<group>"; };
		21470CAA219E94630099CB6F /* WYATestViewController.h */ = {isa = PBXFileReference; lastKnownFileType = sourcecode.c.h; path = WYATestViewController.h; sourceTree = "<group>"; };
		21470CAB219E94630099CB6F /* WYATestViewController.m */ = {isa = PBXFileReference; lastKnownFileType = sourcecode.c.objc; path = WYATestViewController.m; sourceTree = "<group>"; };
		21470CB6219EBABF0099CB6F /* WYALeftViewController.h */ = {isa = PBXFileReference; lastKnownFileType = sourcecode.c.h; path = WYALeftViewController.h; sourceTree = "<group>"; };
		21470CB7219EBABF0099CB6F /* WYALeftViewController.m */ = {isa = PBXFileReference; lastKnownFileType = sourcecode.c.objc; path = WYALeftViewController.m; sourceTree = "<group>"; };
		21470CB9219EBACD0099CB6F /* WYACenterViewController.h */ = {isa = PBXFileReference; lastKnownFileType = sourcecode.c.h; path = WYACenterViewController.h; sourceTree = "<group>"; };
		21470CBA219EBACD0099CB6F /* WYACenterViewController.m */ = {isa = PBXFileReference; lastKnownFileType = sourcecode.c.objc; path = WYACenterViewController.m; sourceTree = "<group>"; };
		21470CBC219EBAD80099CB6F /* WYARightViewController.h */ = {isa = PBXFileReference; lastKnownFileType = sourcecode.c.h; path = WYARightViewController.h; sourceTree = "<group>"; };
		21470CBD219EBAD80099CB6F /* WYARightViewController.m */ = {isa = PBXFileReference; lastKnownFileType = sourcecode.c.objc; path = WYARightViewController.m; sourceTree = "<group>"; };
		21A8730D21A2455D007F2921 /* AntDesiginMobile 1.0.sketch */ = {isa = PBXFileReference; lastKnownFileType = file; path = "AntDesiginMobile 1.0.sketch"; sourceTree = "<group>"; };
		21A8730F21A24568007F2921 /* AntDesiginMobile 1.0.pdf */ = {isa = PBXFileReference; lastKnownFileType = image.pdf; path = "AntDesiginMobile 1.0.pdf"; sourceTree = "<group>"; };
		488F603DD58B4E549F4FA9E2 /* Pods-WYAKit_Tests.release.xcconfig */ = {isa = PBXFileReference; includeInIndex = 1; lastKnownFileType = text.xcconfig; name = "Pods-WYAKit_Tests.release.xcconfig"; path = "Pods/Target Support Files/Pods-WYAKit_Tests/Pods-WYAKit_Tests.release.xcconfig"; sourceTree = "<group>"; };
		6003F58A195388D20070C39A /* WYAKit_Example.app */ = {isa = PBXFileReference; explicitFileType = wrapper.application; includeInIndex = 0; path = WYAKit_Example.app; sourceTree = BUILT_PRODUCTS_DIR; };
		6003F58D195388D20070C39A /* Foundation.framework */ = {isa = PBXFileReference; lastKnownFileType = wrapper.framework; name = Foundation.framework; path = System/Library/Frameworks/Foundation.framework; sourceTree = SDKROOT; };
		6003F58F195388D20070C39A /* CoreGraphics.framework */ = {isa = PBXFileReference; lastKnownFileType = wrapper.framework; name = CoreGraphics.framework; path = System/Library/Frameworks/CoreGraphics.framework; sourceTree = SDKROOT; };
		6003F591195388D20070C39A /* UIKit.framework */ = {isa = PBXFileReference; lastKnownFileType = wrapper.framework; name = UIKit.framework; path = System/Library/Frameworks/UIKit.framework; sourceTree = SDKROOT; };
		6003F595195388D20070C39A /* WYAKit-Info.plist */ = {isa = PBXFileReference; lastKnownFileType = text.plist.xml; path = "WYAKit-Info.plist"; sourceTree = "<group>"; };
		6003F597195388D20070C39A /* en */ = {isa = PBXFileReference; lastKnownFileType = text.plist.strings; name = en; path = en.lproj/InfoPlist.strings; sourceTree = "<group>"; };
		6003F599195388D20070C39A /* main.m */ = {isa = PBXFileReference; lastKnownFileType = sourcecode.c.objc; path = main.m; sourceTree = "<group>"; };
		6003F59B195388D20070C39A /* WYAKit-Prefix.pch */ = {isa = PBXFileReference; lastKnownFileType = sourcecode.c.h; path = "WYAKit-Prefix.pch"; sourceTree = "<group>"; };
		6003F59C195388D20070C39A /* WYAAppDelegate.h */ = {isa = PBXFileReference; lastKnownFileType = sourcecode.c.h; path = WYAAppDelegate.h; sourceTree = "<group>"; };
		6003F59D195388D20070C39A /* WYAAppDelegate.m */ = {isa = PBXFileReference; lastKnownFileType = sourcecode.c.objc; path = WYAAppDelegate.m; sourceTree = "<group>"; };
		6003F5A5195388D20070C39A /* WYAViewController.h */ = {isa = PBXFileReference; lastKnownFileType = sourcecode.c.h; path = WYAViewController.h; sourceTree = "<group>"; };
		6003F5A6195388D20070C39A /* WYAViewController.m */ = {isa = PBXFileReference; lastKnownFileType = sourcecode.c.objc; path = WYAViewController.m; sourceTree = "<group>"; };
		6003F5A8195388D20070C39A /* Images.xcassets */ = {isa = PBXFileReference; lastKnownFileType = folder.assetcatalog; path = Images.xcassets; sourceTree = "<group>"; };
		6003F5AE195388D20070C39A /* WYAKit_Tests.xctest */ = {isa = PBXFileReference; explicitFileType = wrapper.cfbundle; includeInIndex = 0; path = WYAKit_Tests.xctest; sourceTree = BUILT_PRODUCTS_DIR; };
		6003F5AF195388D20070C39A /* XCTest.framework */ = {isa = PBXFileReference; lastKnownFileType = wrapper.framework; name = XCTest.framework; path = Library/Frameworks/XCTest.framework; sourceTree = DEVELOPER_DIR; };
		6003F5B7195388D20070C39A /* Tests-Info.plist */ = {isa = PBXFileReference; lastKnownFileType = text.plist.xml; path = "Tests-Info.plist"; sourceTree = "<group>"; };
		6003F5B9195388D20070C39A /* en */ = {isa = PBXFileReference; lastKnownFileType = text.plist.strings; name = en; path = en.lproj/InfoPlist.strings; sourceTree = "<group>"; };
		6003F5BB195388D20070C39A /* Tests.m */ = {isa = PBXFileReference; lastKnownFileType = sourcecode.c.objc; path = Tests.m; sourceTree = "<group>"; };
		606FC2411953D9B200FFA9A0 /* Tests-Prefix.pch */ = {isa = PBXFileReference; lastKnownFileType = sourcecode.c.h; path = "Tests-Prefix.pch"; sourceTree = "<group>"; };
		71719F9E1E33DC2100824A3D /* Base */ = {isa = PBXFileReference; lastKnownFileType = file.storyboard; name = Base; path = Base.lproj/LaunchScreen.storyboard; sourceTree = "<group>"; };
		801C2E365940271D211968FE /* Pods-WYAKit_Example.release.xcconfig */ = {isa = PBXFileReference; includeInIndex = 1; lastKnownFileType = text.xcconfig; name = "Pods-WYAKit_Example.release.xcconfig"; path = "Pods/Target Support Files/Pods-WYAKit_Example/Pods-WYAKit_Example.release.xcconfig"; sourceTree = "<group>"; };
		83F2399E7D27BA1829D1D461 /* Pods-WYAKit_Tests.debug.xcconfig */ = {isa = PBXFileReference; includeInIndex = 1; lastKnownFileType = text.xcconfig; name = "Pods-WYAKit_Tests.debug.xcconfig"; path = "Pods/Target Support Files/Pods-WYAKit_Tests/Pods-WYAKit_Tests.debug.xcconfig"; sourceTree = "<group>"; };
		873B8AEA1B1F5CCA007FD442 /* Main.storyboard */ = {isa = PBXFileReference; fileEncoding = 4; lastKnownFileType = file.storyboard; name = Main.storyboard; path = Base.lproj/Main.storyboard; sourceTree = "<group>"; };
		956D1E79219D7929006A40AB /* TODO .md */ = {isa = PBXFileReference; fileEncoding = 4; lastKnownFileType = net.daringfireball.markdown; path = "TODO .md"; sourceTree = "<group>"; };
		95C8686E219A8380001036EB /* WYATableViewController.m */ = {isa = PBXFileReference; fileEncoding = 4; lastKnownFileType = sourcecode.c.objc; path = WYATableViewController.m; sourceTree = "<group>"; };
		95C8686F219A8380001036EB /* WYATableViewController.h */ = {isa = PBXFileReference; fileEncoding = 4; lastKnownFileType = sourcecode.c.h; path = WYATableViewController.h; sourceTree = "<group>"; };
		BB2BD88E491B4BE33928C5E8 /* LICENSE */ = {isa = PBXFileReference; includeInIndex = 1; lastKnownFileType = text; name = LICENSE; path = ../LICENSE; sourceTree = "<group>"; };
		C1DE651882EDC196658DAD96 /* Pods-WYAKit_Example.debug.xcconfig */ = {isa = PBXFileReference; includeInIndex = 1; lastKnownFileType = text.xcconfig; name = "Pods-WYAKit_Example.debug.xcconfig"; path = "Pods/Target Support Files/Pods-WYAKit_Example/Pods-WYAKit_Example.debug.xcconfig"; sourceTree = "<group>"; };
		C64412C60C1201F2DC231D94 /* README.md */ = {isa = PBXFileReference; includeInIndex = 1; lastKnownFileType = net.daringfireball.markdown; name = README.md; path = ../README.md; sourceTree = "<group>"; };
		F60F6FE250AF5CA1776BC059 /* Pods_WYAKit_Tests.framework */ = {isa = PBXFileReference; explicitFileType = wrapper.framework; includeInIndex = 0; path = Pods_WYAKit_Tests.framework; sourceTree = BUILT_PRODUCTS_DIR; };
/* End PBXFileReference section */

/* Begin PBXFrameworksBuildPhase section */
		6003F587195388D20070C39A /* Frameworks */ = {
			isa = PBXFrameworksBuildPhase;
			buildActionMask = 2147483647;
			files = (
				6003F590195388D20070C39A /* CoreGraphics.framework in Frameworks */,
				6003F592195388D20070C39A /* UIKit.framework in Frameworks */,
				6003F58E195388D20070C39A /* Foundation.framework in Frameworks */,
				917A49808D1DD8B518EB389F /* Pods_WYAKit_Example.framework in Frameworks */,
			);
			runOnlyForDeploymentPostprocessing = 0;
		};
		6003F5AB195388D20070C39A /* Frameworks */ = {
			isa = PBXFrameworksBuildPhase;
			buildActionMask = 2147483647;
			files = (
				6003F5B0195388D20070C39A /* XCTest.framework in Frameworks */,
				6003F5B2195388D20070C39A /* UIKit.framework in Frameworks */,
				6003F5B1195388D20070C39A /* Foundation.framework in Frameworks */,
				7E91C43C6FD8CC0E458A5255 /* Pods_WYAKit_Tests.framework in Frameworks */,
			);
			runOnlyForDeploymentPostprocessing = 0;
		};
/* End PBXFrameworksBuildPhase section */

/* Begin PBXGroup section */
		21470BEC219ABE880099CB6F /* WYATools */ = {
			isa = PBXGroup;
			children = (
				21470BED219ABE880099CB6F /* WYAPhotoBrowser */,
				21470BEE219ABE880099CB6F /* WYADownloader */,
				21470BEF219ABE880099CB6F /* WYACamera */,
				21470BF0219ABE880099CB6F /* WYAVideoPlayer */,
			);
			path = WYATools;
			sourceTree = "<group>";
		};
		21470BED219ABE880099CB6F /* WYAPhotoBrowser */ = {
			isa = PBXGroup;
			children = (
			);
			path = WYAPhotoBrowser;
			sourceTree = "<group>";
		};
		21470BEE219ABE880099CB6F /* WYADownloader */ = {
			isa = PBXGroup;
			children = (
				21470C19219ABF960099CB6F /* WYADownloaderViewController.h */,
				21470C1A219ABF960099CB6F /* WYADownloaderViewController.m */,
			);
			path = WYADownloader;
			sourceTree = "<group>";
		};
		21470BEF219ABE880099CB6F /* WYACamera */ = {
			isa = PBXGroup;
			children = (
				21470C1C219ABFA10099CB6F /* WYACameraViewControllerO.h */,
				21470C1D219ABFA10099CB6F /* WYACameraViewControllerO.m */,
			);
			path = WYACamera;
			sourceTree = "<group>";
		};
		21470BF0219ABE880099CB6F /* WYAVideoPlayer */ = {
			isa = PBXGroup;
			children = (
				21470C1F219ABFB10099CB6F /* WYAVideoPlayerViewController.h */,
				21470C20219ABFB10099CB6F /* WYAVideoPlayerViewController.m */,
			);
			path = WYAVideoPlayer;
			sourceTree = "<group>";
		};
		21470BF1219ABE880099CB6F /* WYAUIKit */ = {
			isa = PBXGroup;
			children = (
				21470CB5219EBA8F0099CB6F /* WYADrawerViewController */,
				21470CA6219E93B10099CB6F /* PopViewController */,
				21470BF2219ABE880099CB6F /* WYAProgressView */,
				21470BF3219ABE880099CB6F /* WYAToastView */,
				21470BF4219ABE880099CB6F /* WYAUITextView */,
				21470BF5219ABE880099CB6F /* WYAShareView */,
				21470BF6219ABE880099CB6F /* WYAUIPickerView */,
				21470BF7219ABE880099CB6F /* WYAPageViewController */,
				21470BF8219ABE880099CB6F /* WYAIMGCode */,
				21470BF9219ABE880099CB6F /* WYABannerView */,
				21470BFA219ABE880099CB6F /* WYAUIAlert */,
			);
			path = WYAUIKit;
			sourceTree = "<group>";
		};
		21470BF2219ABE880099CB6F /* WYAProgressView */ = {
			isa = PBXGroup;
			children = (
				21470BFE219ABF090099CB6F /* WYAProgressViewController.h */,
				21470BFF219ABF090099CB6F /* WYAProgressViewController.m */,
			);
			path = WYAProgressView;
			sourceTree = "<group>";
		};
		21470BF3219ABE880099CB6F /* WYAToastView */ = {
			isa = PBXGroup;
			children = (
				21470C01219ABF180099CB6F /* WYAToastViewController.h */,
				21470C02219ABF180099CB6F /* WYAToastViewController.m */,
			);
			path = WYAToastView;
			sourceTree = "<group>";
		};
		21470BF4219ABE880099CB6F /* WYAUITextView */ = {
			isa = PBXGroup;
			children = (
				21470BFB219ABE9E0099CB6F /* WYATextViewController.h */,
				21470BFC219ABE9F0099CB6F /* WYATextViewController.m */,
			);
			path = WYAUITextView;
			sourceTree = "<group>";
		};
		21470BF5219ABE880099CB6F /* WYAShareView */ = {
			isa = PBXGroup;
			children = (
				21470C04219ABF270099CB6F /* WYAShareViewController.h */,
				21470C05219ABF270099CB6F /* WYAShareViewController.m */,
			);
			path = WYAShareView;
			sourceTree = "<group>";
		};
		21470BF6219ABE880099CB6F /* WYAUIPickerView */ = {
			isa = PBXGroup;
			children = (
				21470C07219ABF380099CB6F /* WYAUIPickerViewViewController.h */,
				21470C08219ABF380099CB6F /* WYAUIPickerViewViewController.m */,
			);
			path = WYAUIPickerView;
			sourceTree = "<group>";
		};
		21470BF7219ABE880099CB6F /* WYAPageViewController */ = {
			isa = PBXGroup;
			children = (
				21470C0A219ABF4A0099CB6F /* WYAPageViewController.h */,
				21470C0B219ABF4A0099CB6F /* WYAPageViewController.m */,
			);
			path = WYAPageViewController;
			sourceTree = "<group>";
		};
		21470BF8219ABE880099CB6F /* WYAIMGCode */ = {
			isa = PBXGroup;
			children = (
				21470C0D219ABF570099CB6F /* WYAIMGCodeViewController.h */,
				21470C0E219ABF570099CB6F /* WYAIMGCodeViewController.m */,
				21470C26219AC9D80099CB6F /* WYAIMGCodeViewController.xib */,
			);
			path = WYAIMGCode;
			sourceTree = "<group>";
		};
		21470BF9219ABE880099CB6F /* WYABannerView */ = {
			isa = PBXGroup;
			children = (
				21470C10219ABF640099CB6F /* WYABannerViewController.h */,
				21470C11219ABF640099CB6F /* WYABannerViewController.m */,
			);
			path = WYABannerView;
			sourceTree = "<group>";
		};
		21470BFA219ABE880099CB6F /* WYAUIAlert */ = {
			isa = PBXGroup;
			children = (
				21470C89219BB2370099CB6F /* WYAUIAlertViewController.h */,
				21470C8A219BB2370099CB6F /* WYAUIAlertViewController.m */,
				21470C8B219BB2370099CB6F /* WYAUIAlertViewController.xib */,
			);
			path = WYAUIAlert;
			sourceTree = "<group>";
		};
		21470CA3219D5E1A0099CB6F /* Doc */ = {
			isa = PBXGroup;
			children = (
				956D1E79219D7929006A40AB /* TODO .md */,
				21A8730D21A2455D007F2921 /* AntDesiginMobile 1.0.sketch */,
				21A8730F21A24568007F2921 /* AntDesiginMobile 1.0.pdf */,
			);
			name = Doc;
			path = ../Doc;
			sourceTree = "<group>";
		};
		21470CA6219E93B10099CB6F /* PopViewController */ = {
			isa = PBXGroup;
			children = (
				21470CA7219E93D30099CB6F /* WYAPopViewController.h */,
				21470CA8219E93D30099CB6F /* WYAPopViewController.m */,
				21470CAA219E94630099CB6F /* WYATestViewController.h */,
				21470CAB219E94630099CB6F /* WYATestViewController.m */,
			);
			path = PopViewController;
			sourceTree = "<group>";
		};
		21470CB5219EBA8F0099CB6F /* WYADrawerViewController */ = {
			isa = PBXGroup;
			children = (
				21470CB6219EBABF0099CB6F /* WYALeftViewController.h */,
				21470CB7219EBABF0099CB6F /* WYALeftViewController.m */,
				21470CB9219EBACD0099CB6F /* WYACenterViewController.h */,
				21470CBA219EBACD0099CB6F /* WYACenterViewController.m */,
				21470CBC219EBAD80099CB6F /* WYARightViewController.h */,
				21470CBD219EBAD80099CB6F /* WYARightViewController.m */,
			);
			path = WYADrawerViewController;
			sourceTree = "<group>";
		};
		6003F581195388D10070C39A = {
			isa = PBXGroup;
			children = (
				60FF7A9C1954A5C5007DD14C /* Podspec Metadata */,
				21470CA3219D5E1A0099CB6F /* Doc */,
				6003F593195388D20070C39A /* Example for WYAKit */,
				6003F5B5195388D20070C39A /* Tests */,
				6003F58C195388D20070C39A /* Frameworks */,
				6003F58B195388D20070C39A /* Products */,
				796C78B5391B242E471C51AE /* Pods */,
			);
			sourceTree = "<group>";
		};
		6003F58B195388D20070C39A /* Products */ = {
			isa = PBXGroup;
			children = (
				6003F58A195388D20070C39A /* WYAKit_Example.app */,
				6003F5AE195388D20070C39A /* WYAKit_Tests.xctest */,
			);
			name = Products;
			sourceTree = "<group>";
		};
		6003F58C195388D20070C39A /* Frameworks */ = {
			isa = PBXGroup;
			children = (
				6003F58D195388D20070C39A /* Foundation.framework */,
				6003F58F195388D20070C39A /* CoreGraphics.framework */,
				6003F591195388D20070C39A /* UIKit.framework */,
				6003F5AF195388D20070C39A /* XCTest.framework */,
				0B138027D323AEC294D6B793 /* Pods_WYAKit_Example.framework */,
				F60F6FE250AF5CA1776BC059 /* Pods_WYAKit_Tests.framework */,
			);
			name = Frameworks;
			sourceTree = "<group>";
		};
		6003F593195388D20070C39A /* Example for WYAKit */ = {
			isa = PBXGroup;
			children = (
				6003F59C195388D20070C39A /* WYAAppDelegate.h */,
				6003F59D195388D20070C39A /* WYAAppDelegate.m */,
				873B8AEA1B1F5CCA007FD442 /* Main.storyboard */,
				6003F5A5195388D20070C39A /* WYAViewController.h */,
				6003F5A6195388D20070C39A /* WYAViewController.m */,
				95C8686F219A8380001036EB /* WYATableViewController.h */,
				95C8686E219A8380001036EB /* WYATableViewController.m */,
				71719F9D1E33DC2100824A3D /* LaunchScreen.storyboard */,
				21470BEC219ABE880099CB6F /* WYATools */,
				21470BF1219ABE880099CB6F /* WYAUIKit */,
				6003F5A8195388D20070C39A /* Images.xcassets */,
				6003F594195388D20070C39A /* Supporting Files */,
			);
			name = "Example for WYAKit";
			path = WYAKit;
			sourceTree = "<group>";
		};
		6003F594195388D20070C39A /* Supporting Files */ = {
			isa = PBXGroup;
			children = (
				6003F595195388D20070C39A /* WYAKit-Info.plist */,
				6003F596195388D20070C39A /* InfoPlist.strings */,
				6003F599195388D20070C39A /* main.m */,
				6003F59B195388D20070C39A /* WYAKit-Prefix.pch */,
			);
			name = "Supporting Files";
			sourceTree = "<group>";
		};
		6003F5B5195388D20070C39A /* Tests */ = {
			isa = PBXGroup;
			children = (
				6003F5BB195388D20070C39A /* Tests.m */,
				6003F5B6195388D20070C39A /* Supporting Files */,
			);
			path = Tests;
			sourceTree = "<group>";
		};
		6003F5B6195388D20070C39A /* Supporting Files */ = {
			isa = PBXGroup;
			children = (
				6003F5B7195388D20070C39A /* Tests-Info.plist */,
				6003F5B8195388D20070C39A /* InfoPlist.strings */,
				606FC2411953D9B200FFA9A0 /* Tests-Prefix.pch */,
			);
			name = "Supporting Files";
			sourceTree = "<group>";
		};
		60FF7A9C1954A5C5007DD14C /* Podspec Metadata */ = {
			isa = PBXGroup;
			children = (
				04D1ACF52C5DE7EAAB1AC8A3 /* WYAKit.podspec */,
				C64412C60C1201F2DC231D94 /* README.md */,
				BB2BD88E491B4BE33928C5E8 /* LICENSE */,
			);
			name = "Podspec Metadata";
			sourceTree = "<group>";
		};
		796C78B5391B242E471C51AE /* Pods */ = {
			isa = PBXGroup;
			children = (
				C1DE651882EDC196658DAD96 /* Pods-WYAKit_Example.debug.xcconfig */,
				801C2E365940271D211968FE /* Pods-WYAKit_Example.release.xcconfig */,
				83F2399E7D27BA1829D1D461 /* Pods-WYAKit_Tests.debug.xcconfig */,
				488F603DD58B4E549F4FA9E2 /* Pods-WYAKit_Tests.release.xcconfig */,
			);
			name = Pods;
			sourceTree = "<group>";
		};
/* End PBXGroup section */

/* Begin PBXNativeTarget section */
		6003F589195388D20070C39A /* WYAKit_Example */ = {
			isa = PBXNativeTarget;
			buildConfigurationList = 6003F5BF195388D20070C39A /* Build configuration list for PBXNativeTarget "WYAKit_Example" */;
			buildPhases = (
				D526737FC1F9D9D266EF1FE1 /* [CP] Check Pods Manifest.lock */,
				6003F586195388D20070C39A /* Sources */,
				6003F587195388D20070C39A /* Frameworks */,
				6003F588195388D20070C39A /* Resources */,
				C95B13689CACD6FD356525C8 /* [CP] Embed Pods Frameworks */,
				C1A64B81C20CD5B8D0CDDD9C /* [CP] Copy Pods Resources */,
			);
			buildRules = (
			);
			dependencies = (
			);
			name = WYAKit_Example;
			productName = WYAKit;
			productReference = 6003F58A195388D20070C39A /* WYAKit_Example.app */;
			productType = "com.apple.product-type.application";
		};
		6003F5AD195388D20070C39A /* WYAKit_Tests */ = {
			isa = PBXNativeTarget;
			buildConfigurationList = 6003F5C2195388D20070C39A /* Build configuration list for PBXNativeTarget "WYAKit_Tests" */;
			buildPhases = (
				25A36572DF8A56093E3DD01F /* [CP] Check Pods Manifest.lock */,
				6003F5AA195388D20070C39A /* Sources */,
				6003F5AB195388D20070C39A /* Frameworks */,
				6003F5AC195388D20070C39A /* Resources */,
			);
			buildRules = (
			);
			dependencies = (
				6003F5B4195388D20070C39A /* PBXTargetDependency */,
			);
			name = WYAKit_Tests;
			productName = WYAKitTests;
			productReference = 6003F5AE195388D20070C39A /* WYAKit_Tests.xctest */;
			productType = "com.apple.product-type.bundle.unit-test";
		};
/* End PBXNativeTarget section */

/* Begin PBXProject section */
		6003F582195388D10070C39A /* Project object */ = {
			isa = PBXProject;
			attributes = {
				CLASSPREFIX = WYA;
				LastUpgradeCheck = 0720;
				ORGANIZATIONNAME = WYATeam;
				TargetAttributes = {
					6003F589195388D20070C39A = {
						DevelopmentTeam = J5265ZP7QT;
					};
					6003F5AD195388D20070C39A = {
						TestTargetID = 6003F589195388D20070C39A;
					};
				};
			};
			buildConfigurationList = 6003F585195388D10070C39A /* Build configuration list for PBXProject "WYAKit" */;
			compatibilityVersion = "Xcode 3.2";
			developmentRegion = English;
			hasScannedForEncodings = 0;
			knownRegions = (
				en,
				Base,
			);
			mainGroup = 6003F581195388D10070C39A;
			productRefGroup = 6003F58B195388D20070C39A /* Products */;
			projectDirPath = "";
			projectRoot = "";
			targets = (
				6003F589195388D20070C39A /* WYAKit_Example */,
				6003F5AD195388D20070C39A /* WYAKit_Tests */,
			);
		};
/* End PBXProject section */

/* Begin PBXResourcesBuildPhase section */
		6003F588195388D20070C39A /* Resources */ = {
			isa = PBXResourcesBuildPhase;
			buildActionMask = 2147483647;
			files = (
				21A8730E21A2455D007F2921 /* AntDesiginMobile 1.0.sketch in Resources */,
				21470C27219AC9D80099CB6F /* WYAIMGCodeViewController.xib in Resources */,
				873B8AEB1B1F5CCA007FD442 /* Main.storyboard in Resources */,
				21A8731021A24568007F2921 /* AntDesiginMobile 1.0.pdf in Resources */,
				71719F9F1E33DC2100824A3D /* LaunchScreen.storyboard in Resources */,
				6003F5A9195388D20070C39A /* Images.xcassets in Resources */,
				6003F598195388D20070C39A /* InfoPlist.strings in Resources */,
				21470C8D219BB2370099CB6F /* WYAUIAlertViewController.xib in Resources */,
				956D1E7A219D7929006A40AB /* TODO .md in Resources */,
			);
			runOnlyForDeploymentPostprocessing = 0;
		};
		6003F5AC195388D20070C39A /* Resources */ = {
			isa = PBXResourcesBuildPhase;
			buildActionMask = 2147483647;
			files = (
				6003F5BA195388D20070C39A /* InfoPlist.strings in Resources */,
			);
			runOnlyForDeploymentPostprocessing = 0;
		};
/* End PBXResourcesBuildPhase section */

/* Begin PBXShellScriptBuildPhase section */
		25A36572DF8A56093E3DD01F /* [CP] Check Pods Manifest.lock */ = {
			isa = PBXShellScriptBuildPhase;
			buildActionMask = 2147483647;
			files = (
			);
			inputPaths = (
				"${PODS_PODFILE_DIR_PATH}/Podfile.lock",
				"${PODS_ROOT}/Manifest.lock",
			);
			name = "[CP] Check Pods Manifest.lock";
			outputPaths = (
				"$(DERIVED_FILE_DIR)/Pods-WYAKit_Tests-checkManifestLockResult.txt",
			);
			runOnlyForDeploymentPostprocessing = 0;
			shellPath = /bin/sh;
			shellScript = "diff \"${PODS_PODFILE_DIR_PATH}/Podfile.lock\" \"${PODS_ROOT}/Manifest.lock\" > /dev/null\nif [ $? != 0 ] ; then\n    # print error to STDERR\n    echo \"error: The sandbox is not in sync with the Podfile.lock. Run 'pod install' or update your CocoaPods installation.\" >&2\n    exit 1\nfi\n# This output is used by Xcode 'outputs' to avoid re-running this script phase.\necho \"SUCCESS\" > \"${SCRIPT_OUTPUT_FILE_0}\"\n";
			showEnvVarsInLog = 0;
		};
		C1A64B81C20CD5B8D0CDDD9C /* [CP] Copy Pods Resources */ = {
			isa = PBXShellScriptBuildPhase;
			buildActionMask = 2147483647;
			files = (
			);
			inputFileListPaths = (
			);
			inputPaths = (
				"${PODS_ROOT}/Target Support Files/Pods-WYAKit_Example/Pods-WYAKit_Example-resources.sh",
				"${PODS_CONFIGURATION_BUILD_DIR}/WYAKit/WYAKit.bundle",
			);
			name = "[CP] Copy Pods Resources";
			outputFileListPaths = (
			);
			outputPaths = (
				"${TARGET_BUILD_DIR}/${UNLOCALIZED_RESOURCES_FOLDER_PATH}/WYAKit.bundle",
			);
			runOnlyForDeploymentPostprocessing = 0;
			shellPath = /bin/sh;
			shellScript = "\"${PODS_ROOT}/Target Support Files/Pods-WYAKit_Example/Pods-WYAKit_Example-resources.sh\"\n";
			showEnvVarsInLog = 0;
		};
		C95B13689CACD6FD356525C8 /* [CP] Embed Pods Frameworks */ = {
			isa = PBXShellScriptBuildPhase;
			buildActionMask = 2147483647;
			files = (
			);
			inputFileListPaths = (
			);
			inputPaths = (
				"${PODS_ROOT}/Target Support Files/Pods-WYAKit_Example/Pods-WYAKit_Example-frameworks.sh",
				"${BUILT_PRODUCTS_DIR}/FMDB/FMDB.framework",
				"${BUILT_PRODUCTS_DIR}/JQFMDB/JQFMDB.framework",
				"${BUILT_PRODUCTS_DIR}/Masonry/Masonry.framework",
				"${BUILT_PRODUCTS_DIR}/YYText/YYText.framework",
			);
			name = "[CP] Embed Pods Frameworks";
			outputFileListPaths = (
			);
			outputPaths = (
				"${TARGET_BUILD_DIR}/${FRAMEWORKS_FOLDER_PATH}/FMDB.framework",
				"${TARGET_BUILD_DIR}/${FRAMEWORKS_FOLDER_PATH}/JQFMDB.framework",
				"${TARGET_BUILD_DIR}/${FRAMEWORKS_FOLDER_PATH}/Masonry.framework",
				"${TARGET_BUILD_DIR}/${FRAMEWORKS_FOLDER_PATH}/YYText.framework",
			);
			runOnlyForDeploymentPostprocessing = 0;
			shellPath = /bin/sh;
			shellScript = "\"${PODS_ROOT}/Target Support Files/Pods-WYAKit_Example/Pods-WYAKit_Example-frameworks.sh\"\n";
			showEnvVarsInLog = 0;
		};
		D526737FC1F9D9D266EF1FE1 /* [CP] Check Pods Manifest.lock */ = {
			isa = PBXShellScriptBuildPhase;
			buildActionMask = 2147483647;
			files = (
			);
			inputPaths = (
				"${PODS_PODFILE_DIR_PATH}/Podfile.lock",
				"${PODS_ROOT}/Manifest.lock",
			);
			name = "[CP] Check Pods Manifest.lock";
			outputPaths = (
				"$(DERIVED_FILE_DIR)/Pods-WYAKit_Example-checkManifestLockResult.txt",
			);
			runOnlyForDeploymentPostprocessing = 0;
			shellPath = /bin/sh;
			shellScript = "diff \"${PODS_PODFILE_DIR_PATH}/Podfile.lock\" \"${PODS_ROOT}/Manifest.lock\" > /dev/null\nif [ $? != 0 ] ; then\n    # print error to STDERR\n    echo \"error: The sandbox is not in sync with the Podfile.lock. Run 'pod install' or update your CocoaPods installation.\" >&2\n    exit 1\nfi\n# This output is used by Xcode 'outputs' to avoid re-running this script phase.\necho \"SUCCESS\" > \"${SCRIPT_OUTPUT_FILE_0}\"\n";
			showEnvVarsInLog = 0;
		};
/* End PBXShellScriptBuildPhase section */

/* Begin PBXSourcesBuildPhase section */
		6003F586195388D20070C39A /* Sources */ = {
			isa = PBXSourcesBuildPhase;
			buildActionMask = 2147483647;
			files = (
				21470C09219ABF380099CB6F /* WYAUIPickerViewViewController.m in Sources */,
				21470C8C219BB2370099CB6F /* WYAUIAlertViewController.m in Sources */,
				6003F59E195388D20070C39A /* WYAAppDelegate.m in Sources */,
				6003F5A7195388D20070C39A /* WYAViewController.m in Sources */,
				21470BFD219ABE9F0099CB6F /* WYATextViewController.m in Sources */,
				21470CB8219EBABF0099CB6F /* WYALeftViewController.m in Sources */,
				21470C03219ABF180099CB6F /* WYAToastViewController.m in Sources */,
				21470C00219ABF090099CB6F /* WYAProgressViewController.m in Sources */,
				21470C1B219ABF960099CB6F /* WYADownloaderViewController.m in Sources */,
				21470CBB219EBACD0099CB6F /* WYACenterViewController.m in Sources */,
				21470CAC219E94630099CB6F /* WYATestViewController.m in Sources */,
				6003F59A195388D20070C39A /* main.m in Sources */,
				21470C06219ABF270099CB6F /* WYAShareViewController.m in Sources */,
				95C86870219A8380001036EB /* WYATableViewController.m in Sources */,
				21470C0C219ABF4A0099CB6F /* WYAPageViewController.m in Sources */,
				21470CBE219EBAD80099CB6F /* WYARightViewController.m in Sources */,
				21470C1E219ABFA10099CB6F /* WYACameraViewControllerO.m in Sources */,
				21470C12219ABF640099CB6F /* WYABannerViewController.m in Sources */,
				21470C0F219ABF570099CB6F /* WYAIMGCodeViewController.m in Sources */,
				21470CA9219E93D30099CB6F /* WYAPopViewController.m in Sources */,
				21470C21219ABFB10099CB6F /* WYAVideoPlayerViewController.m in Sources */,
			);
			runOnlyForDeploymentPostprocessing = 0;
		};
		6003F5AA195388D20070C39A /* Sources */ = {
			isa = PBXSourcesBuildPhase;
			buildActionMask = 2147483647;
			files = (
				6003F5BC195388D20070C39A /* Tests.m in Sources */,
			);
			runOnlyForDeploymentPostprocessing = 0;
		};
/* End PBXSourcesBuildPhase section */

/* Begin PBXTargetDependency section */
		6003F5B4195388D20070C39A /* PBXTargetDependency */ = {
			isa = PBXTargetDependency;
			target = 6003F589195388D20070C39A /* WYAKit_Example */;
			targetProxy = 6003F5B3195388D20070C39A /* PBXContainerItemProxy */;
		};
/* End PBXTargetDependency section */

/* Begin PBXVariantGroup section */
		6003F596195388D20070C39A /* InfoPlist.strings */ = {
			isa = PBXVariantGroup;
			children = (
				6003F597195388D20070C39A /* en */,
			);
			name = InfoPlist.strings;
			sourceTree = "<group>";
		};
		6003F5B8195388D20070C39A /* InfoPlist.strings */ = {
			isa = PBXVariantGroup;
			children = (
				6003F5B9195388D20070C39A /* en */,
			);
			name = InfoPlist.strings;
			sourceTree = "<group>";
		};
		71719F9D1E33DC2100824A3D /* LaunchScreen.storyboard */ = {
			isa = PBXVariantGroup;
			children = (
				71719F9E1E33DC2100824A3D /* Base */,
			);
			name = LaunchScreen.storyboard;
			sourceTree = "<group>";
		};
/* End PBXVariantGroup section */

/* Begin XCBuildConfiguration section */
		6003F5BD195388D20070C39A /* Debug */ = {
			isa = XCBuildConfiguration;
			buildSettings = {
				ALWAYS_SEARCH_USER_PATHS = NO;
				CLANG_CXX_LANGUAGE_STANDARD = "gnu++0x";
				CLANG_CXX_LIBRARY = "libc++";
				CLANG_ENABLE_MODULES = YES;
				CLANG_ENABLE_OBJC_ARC = YES;
				CLANG_WARN_BOOL_CONVERSION = YES;
				CLANG_WARN_CONSTANT_CONVERSION = YES;
				CLANG_WARN_DIRECT_OBJC_ISA_USAGE = YES_ERROR;
				CLANG_WARN_EMPTY_BODY = YES;
				CLANG_WARN_ENUM_CONVERSION = YES;
				CLANG_WARN_INT_CONVERSION = YES;
				CLANG_WARN_OBJC_ROOT_CLASS = YES_ERROR;
				CLANG_WARN__DUPLICATE_METHOD_MATCH = YES;
				"CODE_SIGN_IDENTITY[sdk=iphoneos*]" = "iPhone Developer";
				COPY_PHASE_STRIP = NO;
				ENABLE_TESTABILITY = YES;
				GCC_C_LANGUAGE_STANDARD = gnu99;
				GCC_DYNAMIC_NO_PIC = NO;
				GCC_OPTIMIZATION_LEVEL = 0;
				GCC_PREPROCESSOR_DEFINITIONS = (
					"DEBUG=1",
					"$(inherited)",
				);
				GCC_SYMBOLS_PRIVATE_EXTERN = NO;
				GCC_WARN_64_TO_32_BIT_CONVERSION = YES;
				GCC_WARN_ABOUT_RETURN_TYPE = YES_ERROR;
				GCC_WARN_UNDECLARED_SELECTOR = YES;
				GCC_WARN_UNINITIALIZED_AUTOS = YES_AGGRESSIVE;
				GCC_WARN_UNUSED_FUNCTION = YES;
				GCC_WARN_UNUSED_VARIABLE = YES;
				IPHONEOS_DEPLOYMENT_TARGET = 9.3;
				ONLY_ACTIVE_ARCH = YES;
				SDKROOT = iphoneos;
				TARGETED_DEVICE_FAMILY = "1,2";
			};
			name = Debug;
		};
		6003F5BE195388D20070C39A /* Release */ = {
			isa = XCBuildConfiguration;
			buildSettings = {
				ALWAYS_SEARCH_USER_PATHS = NO;
				CLANG_CXX_LANGUAGE_STANDARD = "gnu++0x";
				CLANG_CXX_LIBRARY = "libc++";
				CLANG_ENABLE_MODULES = YES;
				CLANG_ENABLE_OBJC_ARC = YES;
				CLANG_WARN_BOOL_CONVERSION = YES;
				CLANG_WARN_CONSTANT_CONVERSION = YES;
				CLANG_WARN_DIRECT_OBJC_ISA_USAGE = YES_ERROR;
				CLANG_WARN_EMPTY_BODY = YES;
				CLANG_WARN_ENUM_CONVERSION = YES;
				CLANG_WARN_INT_CONVERSION = YES;
				CLANG_WARN_OBJC_ROOT_CLASS = YES_ERROR;
				CLANG_WARN__DUPLICATE_METHOD_MATCH = YES;
				"CODE_SIGN_IDENTITY[sdk=iphoneos*]" = "iPhone Developer";
				COPY_PHASE_STRIP = YES;
				ENABLE_NS_ASSERTIONS = NO;
				GCC_C_LANGUAGE_STANDARD = gnu99;
				GCC_WARN_64_TO_32_BIT_CONVERSION = YES;
				GCC_WARN_ABOUT_RETURN_TYPE = YES_ERROR;
				GCC_WARN_UNDECLARED_SELECTOR = YES;
				GCC_WARN_UNINITIALIZED_AUTOS = YES_AGGRESSIVE;
				GCC_WARN_UNUSED_FUNCTION = YES;
				GCC_WARN_UNUSED_VARIABLE = YES;
				IPHONEOS_DEPLOYMENT_TARGET = 9.3;
				SDKROOT = iphoneos;
				TARGETED_DEVICE_FAMILY = "1,2";
				VALIDATE_PRODUCT = YES;
			};
			name = Release;
		};
		6003F5C0195388D20070C39A /* Debug */ = {
			isa = XCBuildConfiguration;
			baseConfigurationReference = C1DE651882EDC196658DAD96 /* Pods-WYAKit_Example.debug.xcconfig */;
			buildSettings = {
				ASSETCATALOG_COMPILER_APPICON_NAME = AppIcon;
				DEVELOPMENT_TEAM = J5265ZP7QT;
				GCC_PRECOMPILE_PREFIX_HEADER = YES;
				GCC_PREFIX_HEADER = "WYAKit/WYAKit-Prefix.pch";
				INFOPLIST_FILE = "WYAKit/WYAKit-Info.plist";
				IPHONEOS_DEPLOYMENT_TARGET = 8.0;
				MODULE_NAME = ExampleApp;
				PRODUCT_BUNDLE_IDENTIFIER = "org.cocoapods.demo.${PRODUCT_NAME:rfc1034identifier}";
				PRODUCT_NAME = "$(TARGET_NAME)";
				WRAPPER_EXTENSION = app;
			};
			name = Debug;
		};
		6003F5C1195388D20070C39A /* Release */ = {
			isa = XCBuildConfiguration;
			baseConfigurationReference = 801C2E365940271D211968FE /* Pods-WYAKit_Example.release.xcconfig */;
			buildSettings = {
				ASSETCATALOG_COMPILER_APPICON_NAME = AppIcon;
				DEVELOPMENT_TEAM = J5265ZP7QT;
				GCC_PRECOMPILE_PREFIX_HEADER = YES;
				GCC_PREFIX_HEADER = "WYAKit/WYAKit-Prefix.pch";
				INFOPLIST_FILE = "WYAKit/WYAKit-Info.plist";
				IPHONEOS_DEPLOYMENT_TARGET = 8.0;
				MODULE_NAME = ExampleApp;
				PRODUCT_BUNDLE_IDENTIFIER = "org.cocoapods.demo.${PRODUCT_NAME:rfc1034identifier}";
				PRODUCT_NAME = "$(TARGET_NAME)";
				WRAPPER_EXTENSION = app;
			};
			name = Release;
		};
		6003F5C3195388D20070C39A /* Debug */ = {
			isa = XCBuildConfiguration;
			baseConfigurationReference = 83F2399E7D27BA1829D1D461 /* Pods-WYAKit_Tests.debug.xcconfig */;
			buildSettings = {
				BUNDLE_LOADER = "$(TEST_HOST)";
				FRAMEWORK_SEARCH_PATHS = (
					"$(SDKROOT)/Developer/Library/Frameworks",
					"$(inherited)",
					"$(DEVELOPER_FRAMEWORKS_DIR)",
				);
				GCC_PRECOMPILE_PREFIX_HEADER = YES;
				GCC_PREFIX_HEADER = "Tests/Tests-Prefix.pch";
				GCC_PREPROCESSOR_DEFINITIONS = (
					"DEBUG=1",
					"$(inherited)",
				);
				INFOPLIST_FILE = "Tests/Tests-Info.plist";
				PRODUCT_BUNDLE_IDENTIFIER = "org.cocoapods.demo.${PRODUCT_NAME:rfc1034identifier}";
				PRODUCT_NAME = "$(TARGET_NAME)";
				TEST_HOST = "$(BUILT_PRODUCTS_DIR)/WYAKit_Example.app/WYAKit_Example";
				WRAPPER_EXTENSION = xctest;
			};
			name = Debug;
		};
		6003F5C4195388D20070C39A /* Release */ = {
			isa = XCBuildConfiguration;
			baseConfigurationReference = 488F603DD58B4E549F4FA9E2 /* Pods-WYAKit_Tests.release.xcconfig */;
			buildSettings = {
				BUNDLE_LOADER = "$(TEST_HOST)";
				FRAMEWORK_SEARCH_PATHS = (
					"$(SDKROOT)/Developer/Library/Frameworks",
					"$(inherited)",
					"$(DEVELOPER_FRAMEWORKS_DIR)",
				);
				GCC_PRECOMPILE_PREFIX_HEADER = YES;
				GCC_PREFIX_HEADER = "Tests/Tests-Prefix.pch";
				INFOPLIST_FILE = "Tests/Tests-Info.plist";
				PRODUCT_BUNDLE_IDENTIFIER = "org.cocoapods.demo.${PRODUCT_NAME:rfc1034identifier}";
				PRODUCT_NAME = "$(TARGET_NAME)";
				TEST_HOST = "$(BUILT_PRODUCTS_DIR)/WYAKit_Example.app/WYAKit_Example";
				WRAPPER_EXTENSION = xctest;
			};
			name = Release;
		};
/* End XCBuildConfiguration section */

/* Begin XCConfigurationList section */
		6003F585195388D10070C39A /* Build configuration list for PBXProject "WYAKit" */ = {
			isa = XCConfigurationList;
			buildConfigurations = (
				6003F5BD195388D20070C39A /* Debug */,
				6003F5BE195388D20070C39A /* Release */,
			);
			defaultConfigurationIsVisible = 0;
			defaultConfigurationName = Release;
		};
		6003F5BF195388D20070C39A /* Build configuration list for PBXNativeTarget "WYAKit_Example" */ = {
			isa = XCConfigurationList;
			buildConfigurations = (
				6003F5C0195388D20070C39A /* Debug */,
				6003F5C1195388D20070C39A /* Release */,
			);
			defaultConfigurationIsVisible = 0;
			defaultConfigurationName = Release;
		};
		6003F5C2195388D20070C39A /* Build configuration list for PBXNativeTarget "WYAKit_Tests" */ = {
			isa = XCConfigurationList;
			buildConfigurations = (
				6003F5C3195388D20070C39A /* Debug */,
				6003F5C4195388D20070C39A /* Release */,
			);
			defaultConfigurationIsVisible = 0;
			defaultConfigurationName = Release;
		};
/* End XCConfigurationList section */
	};
	rootObject = 6003F582195388D10070C39A /* Project object */;
}
